// !$*UTF8*$!
{
	archiveVersion = 1;
	classes = {
	};
	objectVersion = 46;
	objects = {

/* Begin PBXBuildFile section */
		5459B7FD1B0A735D00F91DDD /* AppDelegate.swift in Sources */ = {isa = PBXBuildFile; fileRef = 5459B7FC1B0A735D00F91DDD /* AppDelegate.swift */; };
		5459B7FF1B0A735D00F91DDD /* ViewController.swift in Sources */ = {isa = PBXBuildFile; fileRef = 5459B7FE1B0A735D00F91DDD /* ViewController.swift */; };
		5459B8011B0A735D00F91DDD /* Images.xcassets in Resources */ = {isa = PBXBuildFile; fileRef = 5459B8001B0A735D00F91DDD /* Images.xcassets */; };
		5459B8041B0A735D00F91DDD /* LaunchScreen.xib in Resources */ = {isa = PBXBuildFile; fileRef = 5459B8021B0A735D00F91DDD /* LaunchScreen.xib */; };
		5459B8101B0A735D00F91DDD /* core_animationTests.swift in Sources */ = {isa = PBXBuildFile; fileRef = 5459B80F1B0A735D00F91DDD /* core_animationTests.swift */; };
		5459B81A1B0A746200F91DDD /* View.swift in Sources */ = {isa = PBXBuildFile; fileRef = 5459B8191B0A746200F91DDD /* View.swift */; };
/* End PBXBuildFile section */

/* Begin PBXContainerItemProxy section */
		5459B80A1B0A735D00F91DDD /* PBXContainerItemProxy */ = {
			isa = PBXContainerItemProxy;
			containerPortal = 5459B7EF1B0A735D00F91DDD /* Project object */;
			proxyType = 1;
			remoteGlobalIDString = 5459B7F61B0A735D00F91DDD;
			remoteInfo = core_animation;
		};
/* End PBXContainerItemProxy section */

/* Begin PBXFileReference section */
		5459B7F71B0A735D00F91DDD /* core_animation.app */ = {isa = PBXFileReference; explicitFileType = wrapper.application; includeInIndex = 0; path = core_animation.app; sourceTree = BUILT_PRODUCTS_DIR; };
		5459B7FB1B0A735D00F91DDD /* Info.plist */ = {isa = PBXFileReference; lastKnownFileType = text.plist.xml; path = Info.plist; sourceTree = "<group>"; };
		5459B7FC1B0A735D00F91DDD /* AppDelegate.swift */ = {isa = PBXFileReference; lastKnownFileType = sourcecode.swift; path = AppDelegate.swift; sourceTree = "<group>"; };
		5459B7FE1B0A735D00F91DDD /* ViewController.swift */ = {isa = PBXFileReference; lastKnownFileType = sourcecode.swift; path = ViewController.swift; sourceTree = "<group>"; };
		5459B8001B0A735D00F91DDD /* Images.xcassets */ = {isa = PBXFileReference; lastKnownFileType = folder.assetcatalog; path = Images.xcassets; sourceTree = "<group>"; };
		5459B8031B0A735D00F91DDD /* Base */ = {isa = PBXFileReference; lastKnownFileType = file.xib; name = Base; path = Base.lproj/LaunchScreen.xib; sourceTree = "<group>"; };
		5459B8091B0A735D00F91DDD /* core_animationTests.xctest */ = {isa = PBXFileReference; explicitFileType = wrapper.cfbundle; includeInIndex = 0; path = core_animationTests.xctest; sourceTree = BUILT_PRODUCTS_DIR; };
		5459B80E1B0A735D00F91DDD /* Info.plist */ = {isa = PBXFileReference; lastKnownFileType = text.plist.xml; path = Info.plist; sourceTree = "<group>"; };
		5459B80F1B0A735D00F91DDD /* core_animationTests.swift */ = {isa = PBXFileReference; lastKnownFileType = sourcecode.swift; path = core_animationTests.swift; sourceTree = "<group>"; };
		5459B8191B0A746200F91DDD /* View.swift */ = {isa = PBXFileReference; fileEncoding = 4; lastKnownFileType = sourcecode.swift; path = View.swift; sourceTree = "<group>"; };
/* End PBXFileReference section */

/* Begin PBXFrameworksBuildPhase section */
		5459B7F41B0A735D00F91DDD /* Frameworks */ = {
			isa = PBXFrameworksBuildPhase;
			buildActionMask = 2147483647;
			files = (
			);
			runOnlyForDeploymentPostprocessing = 0;
		};
		5459B8061B0A735D00F91DDD /* Frameworks */ = {
			isa = PBXFrameworksBuildPhase;
			buildActionMask = 2147483647;
			files = (
			);
			runOnlyForDeploymentPostprocessing = 0;
		};
/* End PBXFrameworksBuildPhase section */

/* Begin PBXGroup section */
		5459B7EE1B0A735D00F91DDD = {
			isa = PBXGroup;
			children = (
				5459B7F91B0A735D00F91DDD /* core_animation */,
				5459B80C1B0A735D00F91DDD /* core_animationTests */,
				5459B7F81B0A735D00F91DDD /* Products */,
			);
			sourceTree = "<group>";
		};
		5459B7F81B0A735D00F91DDD /* Products */ = {
			isa = PBXGroup;
			children = (
				5459B7F71B0A735D00F91DDD /* core_animation.app */,
				5459B8091B0A735D00F91DDD /* core_animationTests.xctest */,
			);
			name = Products;
			sourceTree = "<group>";
		};
		5459B7F91B0A735D00F91DDD /* core_animation */ = {
			isa = PBXGroup;
			children = (
				5459B7FC1B0A735D00F91DDD /* AppDelegate.swift */,
				5459B8191B0A746200F91DDD /* View.swift */,
				5459B7FE1B0A735D00F91DDD /* ViewController.swift */,
				5459B8001B0A735D00F91DDD /* Images.xcassets */,
				5459B8021B0A735D00F91DDD /* LaunchScreen.xib */,
				5459B7FA1B0A735D00F91DDD /* Supporting Files */,
			);
			path = core_animation;
			sourceTree = "<group>";
		};
		5459B7FA1B0A735D00F91DDD /* Supporting Files */ = {
			isa = PBXGroup;
			children = (
				5459B7FB1B0A735D00F91DDD /* Info.plist */,
			);
			name = "Supporting Files";
			sourceTree = "<group>";
		};
		5459B80C1B0A735D00F91DDD /* core_animationTests */ = {
			isa = PBXGroup;
			children = (
				5459B80F1B0A735D00F91DDD /* core_animationTests.swift */,
				5459B80D1B0A735D00F91DDD /* Supporting Files */,
			);
			path = core_animationTests;
			sourceTree = "<group>";
		};
		5459B80D1B0A735D00F91DDD /* Supporting Files */ = {
			isa = PBXGroup;
			children = (
				5459B80E1B0A735D00F91DDD /* Info.plist */,
			);
			name = "Supporting Files";
			sourceTree = "<group>";
		};
/* End PBXGroup section */

/* Begin PBXNativeTarget section */
		5459B7F61B0A735D00F91DDD /* core_animation */ = {
			isa = PBXNativeTarget;
			buildConfigurationList = 5459B8131B0A735D00F91DDD /* Build configuration list for PBXNativeTarget "core_animation" */;
			buildPhases = (
				5459B7F31B0A735D00F91DDD /* Sources */,
				5459B7F41B0A735D00F91DDD /* Frameworks */,
				5459B7F51B0A735D00F91DDD /* Resources */,
			);
			buildRules = (
			);
			dependencies = (
			);
			name = core_animation;
			productName = core_animation;
			productReference = 5459B7F71B0A735D00F91DDD /* core_animation.app */;
			productType = "com.apple.product-type.application";
		};
		5459B8081B0A735D00F91DDD /* core_animationTests */ = {
			isa = PBXNativeTarget;
			buildConfigurationList = 5459B8161B0A735D00F91DDD /* Build configuration list for PBXNativeTarget "core_animationTests" */;
			buildPhases = (
				5459B8051B0A735D00F91DDD /* Sources */,
				5459B8061B0A735D00F91DDD /* Frameworks */,
				5459B8071B0A735D00F91DDD /* Resources */,
			);
			buildRules = (
			);
			dependencies = (
				5459B80B1B0A735D00F91DDD /* PBXTargetDependency */,
			);
			name = core_animationTests;
			productName = core_animationTests;
			productReference = 5459B8091B0A735D00F91DDD /* core_animationTests.xctest */;
			productType = "com.apple.product-type.bundle.unit-test";
		};
/* End PBXNativeTarget section */

/* Begin PBXProject section */
		5459B7EF1B0A735D00F91DDD /* Project object */ = {
			isa = PBXProject;
			attributes = {
				LastUpgradeCheck = 0630;
				ORGANIZATIONNAME = "Nico Koelewijn";
				TargetAttributes = {
					5459B7F61B0A735D00F91DDD = {
						CreatedOnToolsVersion = 6.3.1;
					};
					5459B8081B0A735D00F91DDD = {
						CreatedOnToolsVersion = 6.3.1;
						TestTargetID = 5459B7F61B0A735D00F91DDD;
					};
				};
			};
			buildConfigurationList = 5459B7F21B0A735D00F91DDD /* Build configuration list for PBXProject "core_animation" */;
			compatibilityVersion = "Xcode 3.2";
			developmentRegion = English;
			hasScannedForEncodings = 0;
			knownRegions = (
				en,
				Base,
			);
			mainGroup = 5459B7EE1B0A735D00F91DDD;
			productRefGroup = 5459B7F81B0A735D00F91DDD /* Products */;
			projectDirPath = "";
			projectRoot = "";
			targets = (
				5459B7F61B0A735D00F91DDD /* core_animation */,
				5459B8081B0A735D00F91DDD /* core_animationTests */,
			);
		};
/* End PBXProject section */

/* Begin PBXResourcesBuildPhase section */
		5459B7F51B0A735D00F91DDD /* Resources */ = {
			isa = PBXResourcesBuildPhase;
			buildActionMask = 2147483647;
			files = (
				5459B8041B0A735D00F91DDD /* LaunchScreen.xib in Resources */,
				5459B8011B0A735D00F91DDD /* Images.xcassets in Resources */,
			);
			runOnlyForDeploymentPostprocessing = 0;
		};
		5459B8071B0A735D00F91DDD /* Resources */ = {
			isa = PBXResourcesBuildPhase;
			buildActionMask = 2147483647;
			files = (
			);
			runOnlyForDeploymentPostprocessing = 0;
		};
/* End PBXResourcesBuildPhase section */

/* Begin PBXSourcesBuildPhase section */
		5459B7F31B0A735D00F91DDD /* Sources */ = {
			isa = PBXSourcesBuildPhase;
			buildActionMask = 2147483647;
			files = (
				5459B7FF1B0A735D00F91DDD /* ViewController.swift in Sources */,
				5459B7FD1B0A735D00F91DDD /* AppDelegate.swift in Sources */,
				5459B81A1B0A746200F91DDD /* View.swift in Sources */,
			);
			runOnlyForDeploymentPostprocessing = 0;
		};
		5459B8051B0A735D00F91DDD /* Sources */ = {
			isa = PBXSourcesBuildPhase;
			buildActionMask = 2147483647;
			files = (
				5459B8101B0A735D00F91DDD /* core_animationTests.swift in Sources */,
			);
			runOnlyForDeploymentPostprocessing = 0;
		};
/* End PBXSourcesBuildPhase section */

/* Begin PBXTargetDependency section */
		5459B80B1B0A735D00F91DDD /* PBXTargetDependency */ = {
			isa = PBXTargetDependency;
			target = 5459B7F61B0A735D00F91DDD /* core_animation */;
			targetProxy = 5459B80A1B0A735D00F91DDD /* PBXContainerItemProxy */;
		};
/* End PBXTargetDependency section */

/* Begin PBXVariantGroup section */
		5459B8021B0A735D00F91DDD /* LaunchScreen.xib */ = {
			isa = PBXVariantGroup;
			children = (
				5459B8031B0A735D00F91DDD /* Base */,
			);
			name = LaunchScreen.xib;
			sourceTree = "<group>";
		};
/* End PBXVariantGroup section */

/* Begin XCBuildConfiguration section */
		5459B8111B0A735D00F91DDD /* Debug */ = {
			isa = XCBuildConfiguration;
			buildSettings = {
				ALWAYS_SEARCH_USER_PATHS = NO;
				CLANG_CXX_LANGUAGE_STANDARD = "gnu++0x";
				CLANG_CXX_LIBRARY = "libc++";
				CLANG_ENABLE_MODULES = YES;
				CLANG_ENABLE_OBJC_ARC = YES;
				CLANG_WARN_BOOL_CONVERSION = YES;
				CLANG_WARN_CONSTANT_CONVERSION = YES;
				CLANG_WARN_DIRECT_OBJC_ISA_USAGE = YES_ERROR;
				CLANG_WARN_EMPTY_BODY = YES;
				CLANG_WARN_ENUM_CONVERSION = YES;
				CLANG_WARN_INT_CONVERSION = YES;
				CLANG_WARN_OBJC_ROOT_CLASS = YES_ERROR;
				CLANG_WARN_UNREACHABLE_CODE = YES;
				CLANG_WARN__DUPLICATE_METHOD_MATCH = YES;
				"CODE_SIGN_IDENTITY[sdk=iphoneos*]" = "iPhone Developer";
				COPY_PHASE_STRIP = NO;
				DEBUG_INFORMATION_FORMAT = "dwarf-with-dsym";
				ENABLE_STRICT_OBJC_MSGSEND = YES;
				GCC_C_LANGUAGE_STANDARD = gnu99;
				GCC_DYNAMIC_NO_PIC = NO;
				GCC_NO_COMMON_BLOCKS = YES;
				GCC_OPTIMIZATION_LEVEL = 0;
				GCC_PREPROCESSOR_DEFINITIONS = (
					"DEBUG=1",
					"$(inherited)",
				);
				GCC_SYMBOLS_PRIVATE_EXTERN = NO;
				GCC_WARN_64_TO_32_BIT_CONVERSION = YES;
				GCC_WARN_ABOUT_RETURN_TYPE = YES_ERROR;
				GCC_WARN_UNDECLARED_SELECTOR = YES;
				GCC_WARN_UNINITIALIZED_AUTOS = YES_AGGRESSIVE;
				GCC_WARN_UNUSED_FUNCTION = YES;
				GCC_WARN_UNUSED_VARIABLE = YES;
				IPHONEOS_DEPLOYMENT_TARGET = 8.3;
				MTL_ENABLE_DEBUG_INFO = YES;
				ONLY_ACTIVE_ARCH = YES;
				SDKROOT = iphoneos;
				SWIFT_OPTIMIZATION_LEVEL = "-Onone";
			};
			name = Debug;
		};
		5459B8121B0A735D00F91DDD /* Release */ = {
			isa = XCBuildConfiguration;
			buildSettings = {
				ALWAYS_SEARCH_USER_PATHS = NO;
				CLANG_CXX_LANGUAGE_STANDARD = "gnu++0x";
				CLANG_CXX_LIBRARY = "libc++";
				CLANG_ENABLE_MODULES = YES;
				CLANG_ENABLE_OBJC_ARC = YES;
				CLANG_WARN_BOOL_CONVERSION = YES;
				CLANG_WARN_CONSTANT_CONVERSION = YES;
				CLANG_WARN_DIRECT_OBJC_ISA_USAGE = YES_ERROR;
				CLANG_WARN_EMPTY_BODY = YES;
				CLANG_WARN_ENUM_CONVERSION = YES;
				CLANG_WARN_INT_CONVERSION = YES;
				CLANG_WARN_OBJC_ROOT_CLASS = YES_ERROR;
				CLANG_WARN_UNREACHABLE_CODE = YES;
				CLANG_WARN__DUPLICATE_METHOD_MATCH = YES;
				"CODE_SIGN_IDENTITY[sdk=iphoneos*]" = "iPhone Developer";
				COPY_PHASE_STRIP = NO;
				DEBUG_INFORMATION_FORMAT = "dwarf-with-dsym";
				ENABLE_NS_ASSERTIONS = NO;
				ENABLE_STRICT_OBJC_MSGSEND = YES;
				GCC_C_LANGUAGE_STANDARD = gnu99;
				GCC_NO_COMMON_BLOCKS = YES;
				GCC_WARN_64_TO_32_BIT_CONVERSION = YES;
				GCC_WARN_ABOUT_RETURN_TYPE = YES_ERROR;
				GCC_WARN_UNDECLARED_SELECTOR = YES;
				GCC_WARN_UNINITIALIZED_AUTOS = YES_AGGRESSIVE;
				GCC_WARN_UNUSED_FUNCTION = YES;
				GCC_WARN_UNUSED_VARIABLE = YES;
				IPHONEOS_DEPLOYMENT_TARGET = 8.3;
				MTL_ENABLE_DEBUG_INFO = NO;
				SDKROOT = iphoneos;
				VALIDATE_PRODUCT = YES;
			};
			name = Release;
		};
		5459B8141B0A735D00F91DDD /* Debug */ = {
			isa = XCBuildConfiguration;
			buildSettings = {
				ASSETCATALOG_COMPILER_APPICON_NAME = AppIcon;
				INFOPLIST_FILE = core_animation/Info.plist;
				LD_RUNPATH_SEARCH_PATHS = "$(inherited) @executable_path/Frameworks";
				PRODUCT_NAME = "$(TARGET_NAME)";
			};
			name = Debug;
		};
		5459B8151B0A735D00F91DDD /* Release */ = {
			isa = XCBuildConfiguration;
			buildSettings = {
				ASSETCATALOG_COMPILER_APPICON_NAME = AppIcon;
				INFOPLIST_FILE = core_animation/Info.plist;
				LD_RUNPATH_SEARCH_PATHS = "$(inherited) @executable_path/Frameworks";
				PRODUCT_NAME = "$(TARGET_NAME)";
			};
			name = Release;
		};
		5459B8171B0A735D00F91DDD /* Debug */ = {
			isa = XCBuildConfiguration;
			buildSettings = {
				BUNDLE_LOADER = "$(TEST_HOST)";
				FRAMEWORK_SEARCH_PATHS = (
					"$(SDKROOT)/Developer/Library/Frameworks",
					"$(inherited)",
				);
				GCC_PREPROCESSOR_DEFINITIONS = (
					"DEBUG=1",
					"$(inherited)",
				);
				INFOPLIST_FILE = core_animationTests/Info.plist;
				LD_RUNPATH_SEARCH_PATHS = "$(inherited) @executable_path/Frameworks @loader_path/Frameworks";
				PRODUCT_NAME = "$(TARGET_NAME)";
				TEST_HOST = "$(BUILT_PRODUCTS_DIR)/core_animation.app/core_animation";
			};
			name = Debug;
		};
		5459B8181B0A735D00F91DDD /* Release */ = {
			isa = XCBuildConfiguration;
			buildSettings = {
				BUNDLE_LOADER = "$(TEST_HOST)";
				FRAMEWORK_SEARCH_PATHS = (
					"$(SDKROOT)/Developer/Library/Frameworks",
					"$(inherited)",
				);
				INFOPLIST_FILE = core_animationTests/Info.plist;
				LD_RUNPATH_SEARCH_PATHS = "$(inherited) @executable_path/Frameworks @loader_path/Frameworks";
				PRODUCT_NAME = "$(TARGET_NAME)";
				TEST_HOST = "$(BUILT_PRODUCTS_DIR)/core_animation.app/core_animation";
			};
			name = Release;
		};
/* End XCBuildConfiguration section */

/* Begin XCConfigurationList section */
		5459B7F21B0A735D00F91DDD /* Build configuration list for PBXProject "core_animation" */ = {
			isa = XCConfigurationList;
			buildConfigurations = (
				5459B8111B0A735D00F91DDD /* Debug */,
				5459B8121B0A735D00F91DDD /* Release */,
			);
			defaultConfigurationIsVisible = 0;
			defaultConfigurationName = Release;
		};
		5459B8131B0A735D00F91DDD /* Build configuration list for PBXNativeTarget "core_animation" */ = {
			isa = XCConfigurationList;
			buildConfigurations = (
				5459B8141B0A735D00F91DDD /* Debug */,
				5459B8151B0A735D00F91DDD /* Release */,
			);
			defaultConfigurationIsVisible = 0;
		};
		5459B8161B0A735D00F91DDD /* Build configuration list for PBXNativeTarget "core_animationTests" */ = {
			isa = XCConfigurationList;
			buildConfigurations = (
				5459B8171B0A735D00F91DDD /* Debug */,
				5459B8181B0A735D00F91DDD /* Release */,
			);
			defaultConfigurationIsVisible = 0;
		};
/* End XCConfigurationList section */
	};
	rootObject = 5459B7EF1B0A735D00F91DDD /* Project object */;
}
