// !$*UTF8*$!
{
	archiveVersion = 1;
	classes = {
	};
	objectVersion = 46;
	objects = {

/* Begin PBXBuildFile section */
		54D9EEBB1A9D40EB00409210 /* AppDelegate.swift in Sources */ = {isa = PBXBuildFile; fileRef = 54D9EEBA1A9D40EB00409210 /* AppDelegate.swift */; };
		54D9EEBD1A9D40EB00409210 /* ViewController.swift in Sources */ = {isa = PBXBuildFile; fileRef = 54D9EEBC1A9D40EB00409210 /* ViewController.swift */; };
		54D9EEBF1A9D40EB00409210 /* Images.xcassets in Resources */ = {isa = PBXBuildFile; fileRef = 54D9EEBE1A9D40EB00409210 /* Images.xcassets */; };
		54D9EEC21A9D40EB00409210 /* LaunchScreen.xib in Resources */ = {isa = PBXBuildFile; fileRef = 54D9EEC01A9D40EB00409210 /* LaunchScreen.xib */; };
		54D9EECE1A9D40EC00409210 /* SlidingGoodTests.swift in Sources */ = {isa = PBXBuildFile; fileRef = 54D9EECD1A9D40EC00409210 /* SlidingGoodTests.swift */; };
		54D9EED81A9D47B500409210 /* SliderView.swift in Sources */ = {isa = PBXBuildFile; fileRef = 54D9EED71A9D47B500409210 /* SliderView.swift */; };
/* End PBXBuildFile section */

/* Begin PBXContainerItemProxy section */
		54D9EEC81A9D40EC00409210 /* PBXContainerItemProxy */ = {
			isa = PBXContainerItemProxy;
			containerPortal = 54D9EEAD1A9D40EB00409210 /* Project object */;
			proxyType = 1;
			remoteGlobalIDString = 54D9EEB41A9D40EB00409210;
			remoteInfo = SlidingGood;
		};
/* End PBXContainerItemProxy section */

/* Begin PBXFileReference section */
		54D9EEB51A9D40EB00409210 /* SlidingGood.app */ = {isa = PBXFileReference; explicitFileType = wrapper.application; includeInIndex = 0; path = SlidingGood.app; sourceTree = BUILT_PRODUCTS_DIR; };
		54D9EEB91A9D40EB00409210 /* Info.plist */ = {isa = PBXFileReference; lastKnownFileType = text.plist.xml; path = Info.plist; sourceTree = "<group>"; };
		54D9EEBA1A9D40EB00409210 /* AppDelegate.swift */ = {isa = PBXFileReference; lastKnownFileType = sourcecode.swift; path = AppDelegate.swift; sourceTree = "<group>"; };
		54D9EEBC1A9D40EB00409210 /* ViewController.swift */ = {isa = PBXFileReference; lastKnownFileType = sourcecode.swift; path = ViewController.swift; sourceTree = "<group>"; };
		54D9EEBE1A9D40EB00409210 /* Images.xcassets */ = {isa = PBXFileReference; lastKnownFileType = folder.assetcatalog; path = Images.xcassets; sourceTree = "<group>"; };
		54D9EEC11A9D40EB00409210 /* Base */ = {isa = PBXFileReference; lastKnownFileType = file.xib; name = Base; path = Base.lproj/LaunchScreen.xib; sourceTree = "<group>"; };
		54D9EEC71A9D40EC00409210 /* SlidingGoodTests.xctest */ = {isa = PBXFileReference; explicitFileType = wrapper.cfbundle; includeInIndex = 0; path = SlidingGoodTests.xctest; sourceTree = BUILT_PRODUCTS_DIR; };
		54D9EECC1A9D40EC00409210 /* Info.plist */ = {isa = PBXFileReference; lastKnownFileType = text.plist.xml; path = Info.plist; sourceTree = "<group>"; };
		54D9EECD1A9D40EC00409210 /* SlidingGoodTests.swift */ = {isa = PBXFileReference; lastKnownFileType = sourcecode.swift; path = SlidingGoodTests.swift; sourceTree = "<group>"; };
		54D9EED71A9D47B500409210 /* SliderView.swift */ = {isa = PBXFileReference; fileEncoding = 4; lastKnownFileType = sourcecode.swift; path = SliderView.swift; sourceTree = "<group>"; };
/* End PBXFileReference section */

/* Begin PBXFrameworksBuildPhase section */
		54D9EEB21A9D40EB00409210 /* Frameworks */ = {
			isa = PBXFrameworksBuildPhase;
			buildActionMask = 2147483647;
			files = (
			);
			runOnlyForDeploymentPostprocessing = 0;
		};
		54D9EEC41A9D40EC00409210 /* Frameworks */ = {
			isa = PBXFrameworksBuildPhase;
			buildActionMask = 2147483647;
			files = (
			);
			runOnlyForDeploymentPostprocessing = 0;
		};
/* End PBXFrameworksBuildPhase section */

/* Begin PBXGroup section */
		54D9EEAC1A9D40EB00409210 = {
			isa = PBXGroup;
			children = (
				54D9EEB71A9D40EB00409210 /* SlidingGood */,
				54D9EECA1A9D40EC00409210 /* SlidingGoodTests */,
				54D9EEB61A9D40EB00409210 /* Products */,
			);
			sourceTree = "<group>";
		};
		54D9EEB61A9D40EB00409210 /* Products */ = {
			isa = PBXGroup;
			children = (
				54D9EEB51A9D40EB00409210 /* SlidingGood.app */,
				54D9EEC71A9D40EC00409210 /* SlidingGoodTests.xctest */,
			);
			name = Products;
			sourceTree = "<group>";
		};
		54D9EEB71A9D40EB00409210 /* SlidingGood */ = {
			isa = PBXGroup;
			children = (
				54D9EEBA1A9D40EB00409210 /* AppDelegate.swift */,
				54D9EEBC1A9D40EB00409210 /* ViewController.swift */,
				54D9EED71A9D47B500409210 /* SliderView.swift */,
				54D9EEBE1A9D40EB00409210 /* Images.xcassets */,
				54D9EEC01A9D40EB00409210 /* LaunchScreen.xib */,
				54D9EEB81A9D40EB00409210 /* Supporting Files */,
			);
			path = SlidingGood;
			sourceTree = "<group>";
		};
		54D9EEB81A9D40EB00409210 /* Supporting Files */ = {
			isa = PBXGroup;
			children = (
				54D9EEB91A9D40EB00409210 /* Info.plist */,
			);
			name = "Supporting Files";
			sourceTree = "<group>";
		};
		54D9EECA1A9D40EC00409210 /* SlidingGoodTests */ = {
			isa = PBXGroup;
			children = (
				54D9EECD1A9D40EC00409210 /* SlidingGoodTests.swift */,
				54D9EECB1A9D40EC00409210 /* Supporting Files */,
			);
			path = SlidingGoodTests;
			sourceTree = "<group>";
		};
		54D9EECB1A9D40EC00409210 /* Supporting Files */ = {
			isa = PBXGroup;
			children = (
				54D9EECC1A9D40EC00409210 /* Info.plist */,
			);
			name = "Supporting Files";
			sourceTree = "<group>";
		};
/* End PBXGroup section */

/* Begin PBXNativeTarget section */
		54D9EEB41A9D40EB00409210 /* SlidingGood */ = {
			isa = PBXNativeTarget;
			buildConfigurationList = 54D9EED11A9D40EC00409210 /* Build configuration list for PBXNativeTarget "SlidingGood" */;
			buildPhases = (
				54D9EEB11A9D40EB00409210 /* Sources */,
				54D9EEB21A9D40EB00409210 /* Frameworks */,
				54D9EEB31A9D40EB00409210 /* Resources */,
			);
			buildRules = (
			);
			dependencies = (
			);
			name = SlidingGood;
			productName = SlidingGood;
			productReference = 54D9EEB51A9D40EB00409210 /* SlidingGood.app */;
			productType = "com.apple.product-type.application";
		};
		54D9EEC61A9D40EC00409210 /* SlidingGoodTests */ = {
			isa = PBXNativeTarget;
			buildConfigurationList = 54D9EED41A9D40EC00409210 /* Build configuration list for PBXNativeTarget "SlidingGoodTests" */;
			buildPhases = (
				54D9EEC31A9D40EC00409210 /* Sources */,
				54D9EEC41A9D40EC00409210 /* Frameworks */,
				54D9EEC51A9D40EC00409210 /* Resources */,
			);
			buildRules = (
			);
			dependencies = (
				54D9EEC91A9D40EC00409210 /* PBXTargetDependency */,
			);
			name = SlidingGoodTests;
			productName = SlidingGoodTests;
			productReference = 54D9EEC71A9D40EC00409210 /* SlidingGoodTests.xctest */;
			productType = "com.apple.product-type.bundle.unit-test";
		};
/* End PBXNativeTarget section */

/* Begin PBXProject section */
		54D9EEAD1A9D40EB00409210 /* Project object */ = {
			isa = PBXProject;
			attributes = {
				LastUpgradeCheck = 0610;
				ORGANIZATIONNAME = "Donut Enterprise";
				TargetAttributes = {
					54D9EEB41A9D40EB00409210 = {
						CreatedOnToolsVersion = 6.1.1;
						DevelopmentTeam = 9RZW73LTB7;
					};
					54D9EEC61A9D40EC00409210 = {
						CreatedOnToolsVersion = 6.1.1;
						TestTargetID = 54D9EEB41A9D40EB00409210;
					};
				};
			};
			buildConfigurationList = 54D9EEB01A9D40EB00409210 /* Build configuration list for PBXProject "SlidingGood" */;
			compatibilityVersion = "Xcode 3.2";
			developmentRegion = English;
			hasScannedForEncodings = 0;
			knownRegions = (
				en,
				Base,
			);
			mainGroup = 54D9EEAC1A9D40EB00409210;
			productRefGroup = 54D9EEB61A9D40EB00409210 /* Products */;
			projectDirPath = "";
			projectRoot = "";
			targets = (
				54D9EEB41A9D40EB00409210 /* SlidingGood */,
				54D9EEC61A9D40EC00409210 /* SlidingGoodTests */,
			);
		};
/* End PBXProject section */

/* Begin PBXResourcesBuildPhase section */
		54D9EEB31A9D40EB00409210 /* Resources */ = {
			isa = PBXResourcesBuildPhase;
			buildActionMask = 2147483647;
			files = (
				54D9EEC21A9D40EB00409210 /* LaunchScreen.xib in Resources */,
				54D9EEBF1A9D40EB00409210 /* Images.xcassets in Resources */,
			);
			runOnlyForDeploymentPostprocessing = 0;
		};
		54D9EEC51A9D40EC00409210 /* Resources */ = {
			isa = PBXResourcesBuildPhase;
			buildActionMask = 2147483647;
			files = (
			);
			runOnlyForDeploymentPostprocessing = 0;
		};
/* End PBXResourcesBuildPhase section */

/* Begin PBXSourcesBuildPhase section */
		54D9EEB11A9D40EB00409210 /* Sources */ = {
			isa = PBXSourcesBuildPhase;
			buildActionMask = 2147483647;
			files = (
				54D9EED81A9D47B500409210 /* SliderView.swift in Sources */,
				54D9EEBD1A9D40EB00409210 /* ViewController.swift in Sources */,
				54D9EEBB1A9D40EB00409210 /* AppDelegate.swift in Sources */,
			);
			runOnlyForDeploymentPostprocessing = 0;
		};
		54D9EEC31A9D40EC00409210 /* Sources */ = {
			isa = PBXSourcesBuildPhase;
			buildActionMask = 2147483647;
			files = (
				54D9EECE1A9D40EC00409210 /* SlidingGoodTests.swift in Sources */,
			);
			runOnlyForDeploymentPostprocessing = 0;
		};
/* End PBXSourcesBuildPhase section */

/* Begin PBXTargetDependency section */
		54D9EEC91A9D40EC00409210 /* PBXTargetDependency */ = {
			isa = PBXTargetDependency;
			target = 54D9EEB41A9D40EB00409210 /* SlidingGood */;
			targetProxy = 54D9EEC81A9D40EC00409210 /* PBXContainerItemProxy */;
		};
/* End PBXTargetDependency section */

/* Begin PBXVariantGroup section */
		54D9EEC01A9D40EB00409210 /* LaunchScreen.xib */ = {
			isa = PBXVariantGroup;
			children = (
				54D9EEC11A9D40EB00409210 /* Base */,
			);
			name = LaunchScreen.xib;
			sourceTree = "<group>";
		};
/* End PBXVariantGroup section */

/* Begin XCBuildConfiguration section */
		54D9EECF1A9D40EC00409210 /* Debug */ = {
			isa = XCBuildConfiguration;
			buildSettings = {
				ALWAYS_SEARCH_USER_PATHS = NO;
				CLANG_CXX_LANGUAGE_STANDARD = "gnu++0x";
				CLANG_CXX_LIBRARY = "libc++";
				CLANG_ENABLE_MODULES = YES;
				CLANG_ENABLE_OBJC_ARC = YES;
				CLANG_WARN_BOOL_CONVERSION = YES;
				CLANG_WARN_CONSTANT_CONVERSION = YES;
				CLANG_WARN_DIRECT_OBJC_ISA_USAGE = YES_ERROR;
				CLANG_WARN_EMPTY_BODY = YES;
				CLANG_WARN_ENUM_CONVERSION = YES;
				CLANG_WARN_INT_CONVERSION = YES;
				CLANG_WARN_OBJC_ROOT_CLASS = YES_ERROR;
				CLANG_WARN_UNREACHABLE_CODE = YES;
				CLANG_WARN__DUPLICATE_METHOD_MATCH = YES;
				"CODE_SIGN_IDENTITY[sdk=iphoneos*]" = "iPhone Developer";
				COPY_PHASE_STRIP = NO;
				ENABLE_STRICT_OBJC_MSGSEND = YES;
				GCC_C_LANGUAGE_STANDARD = gnu99;
				GCC_DYNAMIC_NO_PIC = NO;
				GCC_OPTIMIZATION_LEVEL = 0;
				GCC_PREPROCESSOR_DEFINITIONS = (
					"DEBUG=1",
					"$(inherited)",
				);
				GCC_SYMBOLS_PRIVATE_EXTERN = NO;
				GCC_WARN_64_TO_32_BIT_CONVERSION = YES;
				GCC_WARN_ABOUT_RETURN_TYPE = YES_ERROR;
				GCC_WARN_UNDECLARED_SELECTOR = YES;
				GCC_WARN_UNINITIALIZED_AUTOS = YES_AGGRESSIVE;
				GCC_WARN_UNUSED_FUNCTION = YES;
				GCC_WARN_UNUSED_VARIABLE = YES;
				IPHONEOS_DEPLOYMENT_TARGET = 8.1;
				MTL_ENABLE_DEBUG_INFO = YES;
				ONLY_ACTIVE_ARCH = YES;
				SDKROOT = iphoneos;
				SWIFT_OPTIMIZATION_LEVEL = "-Onone";
			};
			name = Debug;
		};
		54D9EED01A9D40EC00409210 /* Release */ = {
			isa = XCBuildConfiguration;
			buildSettings = {
				ALWAYS_SEARCH_USER_PATHS = NO;
				CLANG_CXX_LANGUAGE_STANDARD = "gnu++0x";
				CLANG_CXX_LIBRARY = "libc++";
				CLANG_ENABLE_MODULES = YES;
				CLANG_ENABLE_OBJC_ARC = YES;
				CLANG_WARN_BOOL_CONVERSION = YES;
				CLANG_WARN_CONSTANT_CONVERSION = YES;
				CLANG_WARN_DIRECT_OBJC_ISA_USAGE = YES_ERROR;
				CLANG_WARN_EMPTY_BODY = YES;
				CLANG_WARN_ENUM_CONVERSION = YES;
				CLANG_WARN_INT_CONVERSION = YES;
				CLANG_WARN_OBJC_ROOT_CLASS = YES_ERROR;
				CLANG_WARN_UNREACHABLE_CODE = YES;
				CLANG_WARN__DUPLICATE_METHOD_MATCH = YES;
				"CODE_SIGN_IDENTITY[sdk=iphoneos*]" = "iPhone Developer";
				COPY_PHASE_STRIP = YES;
				ENABLE_NS_ASSERTIONS = NO;
				ENABLE_STRICT_OBJC_MSGSEND = YES;
				GCC_C_LANGUAGE_STANDARD = gnu99;
				GCC_WARN_64_TO_32_BIT_CONVERSION = YES;
				GCC_WARN_ABOUT_RETURN_TYPE = YES_ERROR;
				GCC_WARN_UNDECLARED_SELECTOR = YES;
				GCC_WARN_UNINITIALIZED_AUTOS = YES_AGGRESSIVE;
				GCC_WARN_UNUSED_FUNCTION = YES;
				GCC_WARN_UNUSED_VARIABLE = YES;
				IPHONEOS_DEPLOYMENT_TARGET = 8.1;
				MTL_ENABLE_DEBUG_INFO = NO;
				SDKROOT = iphoneos;
				VALIDATE_PRODUCT = YES;
			};
			name = Release;
		};
		54D9EED21A9D40EC00409210 /* Debug */ = {
			isa = XCBuildConfiguration;
			buildSettings = {
				ASSETCATALOG_COMPILER_APPICON_NAME = AppIcon;
				CODE_SIGN_IDENTITY = "iPhone Developer";
				"CODE_SIGN_IDENTITY[sdk=iphoneos*]" = "iPhone Developer";
				INFOPLIST_FILE = SlidingGood/Info.plist;
				LD_RUNPATH_SEARCH_PATHS = "$(inherited) @executable_path/Frameworks";
				PRODUCT_NAME = "$(TARGET_NAME)";
				PROVISIONING_PROFILE = "";
			};
			name = Debug;
		};
		54D9EED31A9D40EC00409210 /* Release */ = {
			isa = XCBuildConfiguration;
			buildSettings = {
				ASSETCATALOG_COMPILER_APPICON_NAME = AppIcon;
				CODE_SIGN_IDENTITY = "iPhone Developer";
				"CODE_SIGN_IDENTITY[sdk=iphoneos*]" = "iPhone Developer";
				INFOPLIST_FILE = SlidingGood/Info.plist;
				LD_RUNPATH_SEARCH_PATHS = "$(inherited) @executable_path/Frameworks";
				PRODUCT_NAME = "$(TARGET_NAME)";
				PROVISIONING_PROFILE = "";
			};
			name = Release;
		};
		54D9EED51A9D40EC00409210 /* Debug */ = {
			isa = XCBuildConfiguration;
			buildSettings = {
				BUNDLE_LOADER = "$(TEST_HOST)";
				FRAMEWORK_SEARCH_PATHS = (
					"$(SDKROOT)/Developer/Library/Frameworks",
					"$(inherited)",
				);
				GCC_PREPROCESSOR_DEFINITIONS = (
					"DEBUG=1",
					"$(inherited)",
				);
				INFOPLIST_FILE = SlidingGoodTests/Info.plist;
				LD_RUNPATH_SEARCH_PATHS = "$(inherited) @executable_path/Frameworks @loader_path/Frameworks";
				PRODUCT_NAME = "$(TARGET_NAME)";
				TEST_HOST = "$(BUILT_PRODUCTS_DIR)/SlidingGood.app/SlidingGood";
			};
			name = Debug;
		};
		54D9EED61A9D40EC00409210 /* Release */ = {
			isa = XCBuildConfiguration;
			buildSettings = {
				BUNDLE_LOADER = "$(TEST_HOST)";
				FRAMEWORK_SEARCH_PATHS = (
					"$(SDKROOT)/Developer/Library/Frameworks",
					"$(inherited)",
				);
				INFOPLIST_FILE = SlidingGoodTests/Info.plist;
				LD_RUNPATH_SEARCH_PATHS = "$(inherited) @executable_path/Frameworks @loader_path/Frameworks";
				PRODUCT_NAME = "$(TARGET_NAME)";
				TEST_HOST = "$(BUILT_PRODUCTS_DIR)/SlidingGood.app/SlidingGood";
			};
			name = Release;
		};
/* End XCBuildConfiguration section */

/* Begin XCConfigurationList section */
		54D9EEB01A9D40EB00409210 /* Build configuration list for PBXProject "SlidingGood" */ = {
			isa = XCConfigurationList;
			buildConfigurations = (
				54D9EECF1A9D40EC00409210 /* Debug */,
				54D9EED01A9D40EC00409210 /* Release */,
			);
			defaultConfigurationIsVisible = 0;
			defaultConfigurationName = Release;
		};
		54D9EED11A9D40EC00409210 /* Build configuration list for PBXNativeTarget "SlidingGood" */ = {
			isa = XCConfigurationList;
			buildConfigurations = (
				54D9EED21A9D40EC00409210 /* Debug */,
				54D9EED31A9D40EC00409210 /* Release */,
			);
			defaultConfigurationIsVisible = 0;
			defaultConfigurationName = Release;
		};
		54D9EED41A9D40EC00409210 /* Build configuration list for PBXNativeTarget "SlidingGoodTests" */ = {
			isa = XCConfigurationList;
			buildConfigurations = (
				54D9EED51A9D40EC00409210 /* Debug */,
				54D9EED61A9D40EC00409210 /* Release */,
			);
			defaultConfigurationIsVisible = 0;
			defaultConfigurationName = Release;
		};
/* End XCConfigurationList section */
	};
	rootObject = 54D9EEAD1A9D40EB00409210 /* Project object */;
}
