// !$*UTF8*$!
{
	archiveVersion = 1;
	classes = {
	};
	objectVersion = 46;
	objects = {

/* Begin PBXBuildFile section */
		8609EB561AFA064C009F9576 /* AppDelegate.swift in Sources */ = {isa = PBXBuildFile; fileRef = 8609EB551AFA064C009F9576 /* AppDelegate.swift */; };
		8609EB581AFA064C009F9576 /* Images.xcassets in Resources */ = {isa = PBXBuildFile; fileRef = 8609EB571AFA064C009F9576 /* Images.xcassets */; };
		8609EB5B1AFA064C009F9576 /* LaunchScreen.xib in Resources */ = {isa = PBXBuildFile; fileRef = 8609EB591AFA064C009F9576 /* LaunchScreen.xib */; };
		8609EB671AFA064C009F9576 /* SharingIsCaringTests.swift in Sources */ = {isa = PBXBuildFile; fileRef = 8609EB661AFA064C009F9576 /* SharingIsCaringTests.swift */; };
		8609EB711AFA065E009F9576 /* SharingViewController.swift in Sources */ = {isa = PBXBuildFile; fileRef = 8609EB701AFA065E009F9576 /* SharingViewController.swift */; };
		8609EB731AFA06B2009F9576 /* SharingView.swift in Sources */ = {isa = PBXBuildFile; fileRef = 8609EB721AFA06B2009F9576 /* SharingView.swift */; };
		8609EB751AFA091C009F9576 /* Social.framework in Frameworks */ = {isa = PBXBuildFile; fileRef = 8609EB741AFA091C009F9576 /* Social.framework */; };
/* End PBXBuildFile section */

/* Begin PBXContainerItemProxy section */
		8609EB611AFA064C009F9576 /* PBXContainerItemProxy */ = {
			isa = PBXContainerItemProxy;
			containerPortal = 8609EB481AFA064C009F9576 /* Project object */;
			proxyType = 1;
			remoteGlobalIDString = 8609EB4F1AFA064C009F9576;
			remoteInfo = SharingIsCaring;
		};
/* End PBXContainerItemProxy section */

/* Begin PBXFileReference section */
		8609EB501AFA064C009F9576 /* SharingIsCaring.app */ = {isa = PBXFileReference; explicitFileType = wrapper.application; includeInIndex = 0; path = SharingIsCaring.app; sourceTree = BUILT_PRODUCTS_DIR; };
		8609EB541AFA064C009F9576 /* Info.plist */ = {isa = PBXFileReference; lastKnownFileType = text.plist.xml; path = Info.plist; sourceTree = "<group>"; };
		8609EB551AFA064C009F9576 /* AppDelegate.swift */ = {isa = PBXFileReference; lastKnownFileType = sourcecode.swift; path = AppDelegate.swift; sourceTree = "<group>"; };
		8609EB571AFA064C009F9576 /* Images.xcassets */ = {isa = PBXFileReference; lastKnownFileType = folder.assetcatalog; path = Images.xcassets; sourceTree = "<group>"; };
		8609EB5A1AFA064C009F9576 /* Base */ = {isa = PBXFileReference; lastKnownFileType = file.xib; name = Base; path = Base.lproj/LaunchScreen.xib; sourceTree = "<group>"; };
		8609EB601AFA064C009F9576 /* SharingIsCaringTests.xctest */ = {isa = PBXFileReference; explicitFileType = wrapper.cfbundle; includeInIndex = 0; path = SharingIsCaringTests.xctest; sourceTree = BUILT_PRODUCTS_DIR; };
		8609EB651AFA064C009F9576 /* Info.plist */ = {isa = PBXFileReference; lastKnownFileType = text.plist.xml; path = Info.plist; sourceTree = "<group>"; };
		8609EB661AFA064C009F9576 /* SharingIsCaringTests.swift */ = {isa = PBXFileReference; lastKnownFileType = sourcecode.swift; path = SharingIsCaringTests.swift; sourceTree = "<group>"; };
		8609EB701AFA065E009F9576 /* SharingViewController.swift */ = {isa = PBXFileReference; fileEncoding = 4; lastKnownFileType = sourcecode.swift; path = SharingViewController.swift; sourceTree = "<group>"; };
		8609EB721AFA06B2009F9576 /* SharingView.swift */ = {isa = PBXFileReference; fileEncoding = 4; lastKnownFileType = sourcecode.swift; path = SharingView.swift; sourceTree = "<group>"; };
		8609EB741AFA091C009F9576 /* Social.framework */ = {isa = PBXFileReference; lastKnownFileType = wrapper.framework; name = Social.framework; path = System/Library/Frameworks/Social.framework; sourceTree = SDKROOT; };
/* End PBXFileReference section */

/* Begin PBXFrameworksBuildPhase section */
		8609EB4D1AFA064C009F9576 /* Frameworks */ = {
			isa = PBXFrameworksBuildPhase;
			buildActionMask = 2147483647;
			files = (
				8609EB751AFA091C009F9576 /* Social.framework in Frameworks */,
			);
			runOnlyForDeploymentPostprocessing = 0;
		};
		8609EB5D1AFA064C009F9576 /* Frameworks */ = {
			isa = PBXFrameworksBuildPhase;
			buildActionMask = 2147483647;
			files = (
			);
			runOnlyForDeploymentPostprocessing = 0;
		};
/* End PBXFrameworksBuildPhase section */

/* Begin PBXGroup section */
		8609EB471AFA064C009F9576 = {
			isa = PBXGroup;
			children = (
				8609EB741AFA091C009F9576 /* Social.framework */,
				8609EB521AFA064C009F9576 /* SharingIsCaring */,
				8609EB631AFA064C009F9576 /* SharingIsCaringTests */,
				8609EB511AFA064C009F9576 /* Products */,
			);
			sourceTree = "<group>";
		};
		8609EB511AFA064C009F9576 /* Products */ = {
			isa = PBXGroup;
			children = (
				8609EB501AFA064C009F9576 /* SharingIsCaring.app */,
				8609EB601AFA064C009F9576 /* SharingIsCaringTests.xctest */,
			);
			name = Products;
			sourceTree = "<group>";
		};
		8609EB521AFA064C009F9576 /* SharingIsCaring */ = {
			isa = PBXGroup;
			children = (
				8609EB551AFA064C009F9576 /* AppDelegate.swift */,
				8609EB701AFA065E009F9576 /* SharingViewController.swift */,
				8609EB721AFA06B2009F9576 /* SharingView.swift */,
				8609EB571AFA064C009F9576 /* Images.xcassets */,
				8609EB591AFA064C009F9576 /* LaunchScreen.xib */,
				8609EB531AFA064C009F9576 /* Supporting Files */,
			);
			path = SharingIsCaring;
			sourceTree = "<group>";
		};
		8609EB531AFA064C009F9576 /* Supporting Files */ = {
			isa = PBXGroup;
			children = (
				8609EB541AFA064C009F9576 /* Info.plist */,
			);
			name = "Supporting Files";
			sourceTree = "<group>";
		};
		8609EB631AFA064C009F9576 /* SharingIsCaringTests */ = {
			isa = PBXGroup;
			children = (
				8609EB661AFA064C009F9576 /* SharingIsCaringTests.swift */,
				8609EB641AFA064C009F9576 /* Supporting Files */,
			);
			path = SharingIsCaringTests;
			sourceTree = "<group>";
		};
		8609EB641AFA064C009F9576 /* Supporting Files */ = {
			isa = PBXGroup;
			children = (
				8609EB651AFA064C009F9576 /* Info.plist */,
			);
			name = "Supporting Files";
			sourceTree = "<group>";
		};
/* End PBXGroup section */

/* Begin PBXNativeTarget section */
		8609EB4F1AFA064C009F9576 /* SharingIsCaring */ = {
			isa = PBXNativeTarget;
			buildConfigurationList = 8609EB6A1AFA064C009F9576 /* Build configuration list for PBXNativeTarget "SharingIsCaring" */;
			buildPhases = (
				8609EB4C1AFA064C009F9576 /* Sources */,
				8609EB4D1AFA064C009F9576 /* Frameworks */,
				8609EB4E1AFA064C009F9576 /* Resources */,
			);
			buildRules = (
			);
			dependencies = (
			);
			name = SharingIsCaring;
			productName = SharingIsCaring;
			productReference = 8609EB501AFA064C009F9576 /* SharingIsCaring.app */;
			productType = "com.apple.product-type.application";
		};
		8609EB5F1AFA064C009F9576 /* SharingIsCaringTests */ = {
			isa = PBXNativeTarget;
			buildConfigurationList = 8609EB6D1AFA064C009F9576 /* Build configuration list for PBXNativeTarget "SharingIsCaringTests" */;
			buildPhases = (
				8609EB5C1AFA064C009F9576 /* Sources */,
				8609EB5D1AFA064C009F9576 /* Frameworks */,
				8609EB5E1AFA064C009F9576 /* Resources */,
			);
			buildRules = (
			);
			dependencies = (
				8609EB621AFA064C009F9576 /* PBXTargetDependency */,
			);
			name = SharingIsCaringTests;
			productName = SharingIsCaringTests;
			productReference = 8609EB601AFA064C009F9576 /* SharingIsCaringTests.xctest */;
			productType = "com.apple.product-type.bundle.unit-test";
		};
/* End PBXNativeTarget section */

/* Begin PBXProject section */
		8609EB481AFA064C009F9576 /* Project object */ = {
			isa = PBXProject;
			attributes = {
				LastUpgradeCheck = 0630;
				ORGANIZATIONNAME = devine;
				TargetAttributes = {
					8609EB4F1AFA064C009F9576 = {
						CreatedOnToolsVersion = 6.3.1;
					};
					8609EB5F1AFA064C009F9576 = {
						CreatedOnToolsVersion = 6.3.1;
						TestTargetID = 8609EB4F1AFA064C009F9576;
					};
				};
			};
			buildConfigurationList = 8609EB4B1AFA064C009F9576 /* Build configuration list for PBXProject "SharingIsCaring" */;
			compatibilityVersion = "Xcode 3.2";
			developmentRegion = English;
			hasScannedForEncodings = 0;
			knownRegions = (
				en,
				Base,
			);
			mainGroup = 8609EB471AFA064C009F9576;
			productRefGroup = 8609EB511AFA064C009F9576 /* Products */;
			projectDirPath = "";
			projectRoot = "";
			targets = (
				8609EB4F1AFA064C009F9576 /* SharingIsCaring */,
				8609EB5F1AFA064C009F9576 /* SharingIsCaringTests */,
			);
		};
/* End PBXProject section */

/* Begin PBXResourcesBuildPhase section */
		8609EB4E1AFA064C009F9576 /* Resources */ = {
			isa = PBXResourcesBuildPhase;
			buildActionMask = 2147483647;
			files = (
				8609EB5B1AFA064C009F9576 /* LaunchScreen.xib in Resources */,
				8609EB581AFA064C009F9576 /* Images.xcassets in Resources */,
			);
			runOnlyForDeploymentPostprocessing = 0;
		};
		8609EB5E1AFA064C009F9576 /* Resources */ = {
			isa = PBXResourcesBuildPhase;
			buildActionMask = 2147483647;
			files = (
			);
			runOnlyForDeploymentPostprocessing = 0;
		};
/* End PBXResourcesBuildPhase section */

/* Begin PBXSourcesBuildPhase section */
		8609EB4C1AFA064C009F9576 /* Sources */ = {
			isa = PBXSourcesBuildPhase;
			buildActionMask = 2147483647;
			files = (
				8609EB731AFA06B2009F9576 /* SharingView.swift in Sources */,
				8609EB561AFA064C009F9576 /* AppDelegate.swift in Sources */,
				8609EB711AFA065E009F9576 /* SharingViewController.swift in Sources */,
			);
			runOnlyForDeploymentPostprocessing = 0;
		};
		8609EB5C1AFA064C009F9576 /* Sources */ = {
			isa = PBXSourcesBuildPhase;
			buildActionMask = 2147483647;
			files = (
				8609EB671AFA064C009F9576 /* SharingIsCaringTests.swift in Sources */,
			);
			runOnlyForDeploymentPostprocessing = 0;
		};
/* End PBXSourcesBuildPhase section */

/* Begin PBXTargetDependency section */
		8609EB621AFA064C009F9576 /* PBXTargetDependency */ = {
			isa = PBXTargetDependency;
			target = 8609EB4F1AFA064C009F9576 /* SharingIsCaring */;
			targetProxy = 8609EB611AFA064C009F9576 /* PBXContainerItemProxy */;
		};
/* End PBXTargetDependency section */

/* Begin PBXVariantGroup section */
		8609EB591AFA064C009F9576 /* LaunchScreen.xib */ = {
			isa = PBXVariantGroup;
			children = (
				8609EB5A1AFA064C009F9576 /* Base */,
			);
			name = LaunchScreen.xib;
			sourceTree = "<group>";
		};
/* End PBXVariantGroup section */

/* Begin XCBuildConfiguration section */
		8609EB681AFA064C009F9576 /* Debug */ = {
			isa = XCBuildConfiguration;
			buildSettings = {
				ALWAYS_SEARCH_USER_PATHS = NO;
				CLANG_CXX_LANGUAGE_STANDARD = "gnu++0x";
				CLANG_CXX_LIBRARY = "libc++";
				CLANG_ENABLE_MODULES = YES;
				CLANG_ENABLE_OBJC_ARC = YES;
				CLANG_WARN_BOOL_CONVERSION = YES;
				CLANG_WARN_CONSTANT_CONVERSION = YES;
				CLANG_WARN_DIRECT_OBJC_ISA_USAGE = YES_ERROR;
				CLANG_WARN_EMPTY_BODY = YES;
				CLANG_WARN_ENUM_CONVERSION = YES;
				CLANG_WARN_INT_CONVERSION = YES;
				CLANG_WARN_OBJC_ROOT_CLASS = YES_ERROR;
				CLANG_WARN_UNREACHABLE_CODE = YES;
				CLANG_WARN__DUPLICATE_METHOD_MATCH = YES;
				"CODE_SIGN_IDENTITY[sdk=iphoneos*]" = "iPhone Developer";
				COPY_PHASE_STRIP = NO;
				DEBUG_INFORMATION_FORMAT = "dwarf-with-dsym";
				ENABLE_STRICT_OBJC_MSGSEND = YES;
				GCC_C_LANGUAGE_STANDARD = gnu99;
				GCC_DYNAMIC_NO_PIC = NO;
				GCC_NO_COMMON_BLOCKS = YES;
				GCC_OPTIMIZATION_LEVEL = 0;
				GCC_PREPROCESSOR_DEFINITIONS = (
					"DEBUG=1",
					"$(inherited)",
				);
				GCC_SYMBOLS_PRIVATE_EXTERN = NO;
				GCC_WARN_64_TO_32_BIT_CONVERSION = YES;
				GCC_WARN_ABOUT_RETURN_TYPE = YES_ERROR;
				GCC_WARN_UNDECLARED_SELECTOR = YES;
				GCC_WARN_UNINITIALIZED_AUTOS = YES_AGGRESSIVE;
				GCC_WARN_UNUSED_FUNCTION = YES;
				GCC_WARN_UNUSED_VARIABLE = YES;
				IPHONEOS_DEPLOYMENT_TARGET = 8.3;
				MTL_ENABLE_DEBUG_INFO = YES;
				ONLY_ACTIVE_ARCH = YES;
				SDKROOT = iphoneos;
				SWIFT_OPTIMIZATION_LEVEL = "-Onone";
			};
			name = Debug;
		};
		8609EB691AFA064C009F9576 /* Release */ = {
			isa = XCBuildConfiguration;
			buildSettings = {
				ALWAYS_SEARCH_USER_PATHS = NO;
				CLANG_CXX_LANGUAGE_STANDARD = "gnu++0x";
				CLANG_CXX_LIBRARY = "libc++";
				CLANG_ENABLE_MODULES = YES;
				CLANG_ENABLE_OBJC_ARC = YES;
				CLANG_WARN_BOOL_CONVERSION = YES;
				CLANG_WARN_CONSTANT_CONVERSION = YES;
				CLANG_WARN_DIRECT_OBJC_ISA_USAGE = YES_ERROR;
				CLANG_WARN_EMPTY_BODY = YES;
				CLANG_WARN_ENUM_CONVERSION = YES;
				CLANG_WARN_INT_CONVERSION = YES;
				CLANG_WARN_OBJC_ROOT_CLASS = YES_ERROR;
				CLANG_WARN_UNREACHABLE_CODE = YES;
				CLANG_WARN__DUPLICATE_METHOD_MATCH = YES;
				"CODE_SIGN_IDENTITY[sdk=iphoneos*]" = "iPhone Developer";
				COPY_PHASE_STRIP = NO;
				DEBUG_INFORMATION_FORMAT = "dwarf-with-dsym";
				ENABLE_NS_ASSERTIONS = NO;
				ENABLE_STRICT_OBJC_MSGSEND = YES;
				GCC_C_LANGUAGE_STANDARD = gnu99;
				GCC_NO_COMMON_BLOCKS = YES;
				GCC_WARN_64_TO_32_BIT_CONVERSION = YES;
				GCC_WARN_ABOUT_RETURN_TYPE = YES_ERROR;
				GCC_WARN_UNDECLARED_SELECTOR = YES;
				GCC_WARN_UNINITIALIZED_AUTOS = YES_AGGRESSIVE;
				GCC_WARN_UNUSED_FUNCTION = YES;
				GCC_WARN_UNUSED_VARIABLE = YES;
				IPHONEOS_DEPLOYMENT_TARGET = 8.3;
				MTL_ENABLE_DEBUG_INFO = NO;
				SDKROOT = iphoneos;
				VALIDATE_PRODUCT = YES;
			};
			name = Release;
		};
		8609EB6B1AFA064C009F9576 /* Debug */ = {
			isa = XCBuildConfiguration;
			buildSettings = {
				ASSETCATALOG_COMPILER_APPICON_NAME = AppIcon;
				INFOPLIST_FILE = SharingIsCaring/Info.plist;
				LD_RUNPATH_SEARCH_PATHS = "$(inherited) @executable_path/Frameworks";
				PRODUCT_NAME = "$(TARGET_NAME)";
			};
			name = Debug;
		};
		8609EB6C1AFA064C009F9576 /* Release */ = {
			isa = XCBuildConfiguration;
			buildSettings = {
				ASSETCATALOG_COMPILER_APPICON_NAME = AppIcon;
				INFOPLIST_FILE = SharingIsCaring/Info.plist;
				LD_RUNPATH_SEARCH_PATHS = "$(inherited) @executable_path/Frameworks";
				PRODUCT_NAME = "$(TARGET_NAME)";
			};
			name = Release;
		};
		8609EB6E1AFA064C009F9576 /* Debug */ = {
			isa = XCBuildConfiguration;
			buildSettings = {
				BUNDLE_LOADER = "$(TEST_HOST)";
				FRAMEWORK_SEARCH_PATHS = (
					"$(SDKROOT)/Developer/Library/Frameworks",
					"$(inherited)",
				);
				GCC_PREPROCESSOR_DEFINITIONS = (
					"DEBUG=1",
					"$(inherited)",
				);
				INFOPLIST_FILE = SharingIsCaringTests/Info.plist;
				LD_RUNPATH_SEARCH_PATHS = "$(inherited) @executable_path/Frameworks @loader_path/Frameworks";
				PRODUCT_NAME = "$(TARGET_NAME)";
				TEST_HOST = "$(BUILT_PRODUCTS_DIR)/SharingIsCaring.app/SharingIsCaring";
			};
			name = Debug;
		};
		8609EB6F1AFA064C009F9576 /* Release */ = {
			isa = XCBuildConfiguration;
			buildSettings = {
				BUNDLE_LOADER = "$(TEST_HOST)";
				FRAMEWORK_SEARCH_PATHS = (
					"$(SDKROOT)/Developer/Library/Frameworks",
					"$(inherited)",
				);
				INFOPLIST_FILE = SharingIsCaringTests/Info.plist;
				LD_RUNPATH_SEARCH_PATHS = "$(inherited) @executable_path/Frameworks @loader_path/Frameworks";
				PRODUCT_NAME = "$(TARGET_NAME)";
				TEST_HOST = "$(BUILT_PRODUCTS_DIR)/SharingIsCaring.app/SharingIsCaring";
			};
			name = Release;
		};
/* End XCBuildConfiguration section */

/* Begin XCConfigurationList section */
		8609EB4B1AFA064C009F9576 /* Build configuration list for PBXProject "SharingIsCaring" */ = {
			isa = XCConfigurationList;
			buildConfigurations = (
				8609EB681AFA064C009F9576 /* Debug */,
				8609EB691AFA064C009F9576 /* Release */,
			);
			defaultConfigurationIsVisible = 0;
			defaultConfigurationName = Release;
		};
		8609EB6A1AFA064C009F9576 /* Build configuration list for PBXNativeTarget "SharingIsCaring" */ = {
			isa = XCConfigurationList;
			buildConfigurations = (
				8609EB6B1AFA064C009F9576 /* Debug */,
				8609EB6C1AFA064C009F9576 /* Release */,
			);
			defaultConfigurationIsVisible = 0;
		};
		8609EB6D1AFA064C009F9576 /* Build configuration list for PBXNativeTarget "SharingIsCaringTests" */ = {
			isa = XCConfigurationList;
			buildConfigurations = (
				8609EB6E1AFA064C009F9576 /* Debug */,
				8609EB6F1AFA064C009F9576 /* Release */,
			);
			defaultConfigurationIsVisible = 0;
		};
/* End XCConfigurationList section */
	};
	rootObject = 8609EB481AFA064C009F9576 /* Project object */;
}
