// !$*UTF8*$!
{
	archiveVersion = 1;
	classes = {
	};
	objectVersion = 46;
	objects = {

/* Begin PBXBuildFile section */
		548900C41AA88D9B00D8F003 /* AppDelegate.swift in Sources */ = {isa = PBXBuildFile; fileRef = 548900C31AA88D9B00D8F003 /* AppDelegate.swift */; };
		548900C61AA88D9B00D8F003 /* ViewController.swift in Sources */ = {isa = PBXBuildFile; fileRef = 548900C51AA88D9B00D8F003 /* ViewController.swift */; };
		548900C81AA88D9B00D8F003 /* Images.xcassets in Resources */ = {isa = PBXBuildFile; fileRef = 548900C71AA88D9B00D8F003 /* Images.xcassets */; };
		548900CB1AA88D9B00D8F003 /* LaunchScreen.xib in Resources */ = {isa = PBXBuildFile; fileRef = 548900C91AA88D9B00D8F003 /* LaunchScreen.xib */; };
		548900D71AA88D9B00D8F003 /* TabThatTests.swift in Sources */ = {isa = PBXBuildFile; fileRef = 548900D61AA88D9B00D8F003 /* TabThatTests.swift */; };
		548900E11AA88F1B00D8F003 /* ViewController1.swift in Sources */ = {isa = PBXBuildFile; fileRef = 548900E01AA88F1B00D8F003 /* ViewController1.swift */; };
		548900E31AA88F2400D8F003 /* ViewController2.swift in Sources */ = {isa = PBXBuildFile; fileRef = 548900E21AA88F2400D8F003 /* ViewController2.swift */; };
		548900E51AA88F2A00D8F003 /* ViewController3.swift in Sources */ = {isa = PBXBuildFile; fileRef = 548900E41AA88F2A00D8F003 /* ViewController3.swift */; };
		548900E71AA88F3300D8F003 /* ViewController4.swift in Sources */ = {isa = PBXBuildFile; fileRef = 548900E61AA88F3300D8F003 /* ViewController4.swift */; };
		548900E91AA8971D00D8F003 /* ViewController5.swift in Sources */ = {isa = PBXBuildFile; fileRef = 548900E81AA8971D00D8F003 /* ViewController5.swift */; };
/* End PBXBuildFile section */

/* Begin PBXContainerItemProxy section */
		548900D11AA88D9B00D8F003 /* PBXContainerItemProxy */ = {
			isa = PBXContainerItemProxy;
			containerPortal = 548900B61AA88D9B00D8F003 /* Project object */;
			proxyType = 1;
			remoteGlobalIDString = 548900BD1AA88D9B00D8F003;
			remoteInfo = TabThat;
		};
/* End PBXContainerItemProxy section */

/* Begin PBXFileReference section */
		548900BE1AA88D9B00D8F003 /* TabThat.app */ = {isa = PBXFileReference; explicitFileType = wrapper.application; includeInIndex = 0; path = TabThat.app; sourceTree = BUILT_PRODUCTS_DIR; };
		548900C21AA88D9B00D8F003 /* Info.plist */ = {isa = PBXFileReference; lastKnownFileType = text.plist.xml; path = Info.plist; sourceTree = "<group>"; };
		548900C31AA88D9B00D8F003 /* AppDelegate.swift */ = {isa = PBXFileReference; lastKnownFileType = sourcecode.swift; path = AppDelegate.swift; sourceTree = "<group>"; };
		548900C51AA88D9B00D8F003 /* ViewController.swift */ = {isa = PBXFileReference; lastKnownFileType = sourcecode.swift; path = ViewController.swift; sourceTree = "<group>"; };
		548900C71AA88D9B00D8F003 /* Images.xcassets */ = {isa = PBXFileReference; lastKnownFileType = folder.assetcatalog; path = Images.xcassets; sourceTree = "<group>"; };
		548900CA1AA88D9B00D8F003 /* Base */ = {isa = PBXFileReference; lastKnownFileType = file.xib; name = Base; path = Base.lproj/LaunchScreen.xib; sourceTree = "<group>"; };
		548900D01AA88D9B00D8F003 /* TabThatTests.xctest */ = {isa = PBXFileReference; explicitFileType = wrapper.cfbundle; includeInIndex = 0; path = TabThatTests.xctest; sourceTree = BUILT_PRODUCTS_DIR; };
		548900D51AA88D9B00D8F003 /* Info.plist */ = {isa = PBXFileReference; lastKnownFileType = text.plist.xml; path = Info.plist; sourceTree = "<group>"; };
		548900D61AA88D9B00D8F003 /* TabThatTests.swift */ = {isa = PBXFileReference; lastKnownFileType = sourcecode.swift; path = TabThatTests.swift; sourceTree = "<group>"; };
		548900E01AA88F1B00D8F003 /* ViewController1.swift */ = {isa = PBXFileReference; fileEncoding = 4; lastKnownFileType = sourcecode.swift; path = ViewController1.swift; sourceTree = "<group>"; };
		548900E21AA88F2400D8F003 /* ViewController2.swift */ = {isa = PBXFileReference; fileEncoding = 4; lastKnownFileType = sourcecode.swift; path = ViewController2.swift; sourceTree = "<group>"; };
		548900E41AA88F2A00D8F003 /* ViewController3.swift */ = {isa = PBXFileReference; fileEncoding = 4; lastKnownFileType = sourcecode.swift; path = ViewController3.swift; sourceTree = "<group>"; };
		548900E61AA88F3300D8F003 /* ViewController4.swift */ = {isa = PBXFileReference; fileEncoding = 4; lastKnownFileType = sourcecode.swift; path = ViewController4.swift; sourceTree = "<group>"; };
		548900E81AA8971D00D8F003 /* ViewController5.swift */ = {isa = PBXFileReference; fileEncoding = 4; lastKnownFileType = sourcecode.swift; path = ViewController5.swift; sourceTree = "<group>"; };
/* End PBXFileReference section */

/* Begin PBXFrameworksBuildPhase section */
		548900BB1AA88D9B00D8F003 /* Frameworks */ = {
			isa = PBXFrameworksBuildPhase;
			buildActionMask = 2147483647;
			files = (
			);
			runOnlyForDeploymentPostprocessing = 0;
		};
		548900CD1AA88D9B00D8F003 /* Frameworks */ = {
			isa = PBXFrameworksBuildPhase;
			buildActionMask = 2147483647;
			files = (
			);
			runOnlyForDeploymentPostprocessing = 0;
		};
/* End PBXFrameworksBuildPhase section */

/* Begin PBXGroup section */
		548900B51AA88D9B00D8F003 = {
			isa = PBXGroup;
			children = (
				548900C01AA88D9B00D8F003 /* TabThat */,
				548900D31AA88D9B00D8F003 /* TabThatTests */,
				548900BF1AA88D9B00D8F003 /* Products */,
			);
			sourceTree = "<group>";
		};
		548900BF1AA88D9B00D8F003 /* Products */ = {
			isa = PBXGroup;
			children = (
				548900BE1AA88D9B00D8F003 /* TabThat.app */,
				548900D01AA88D9B00D8F003 /* TabThatTests.xctest */,
			);
			name = Products;
			sourceTree = "<group>";
		};
		548900C01AA88D9B00D8F003 /* TabThat */ = {
			isa = PBXGroup;
			children = (
				548900C31AA88D9B00D8F003 /* AppDelegate.swift */,
				548900E01AA88F1B00D8F003 /* ViewController1.swift */,
				548900E21AA88F2400D8F003 /* ViewController2.swift */,
				548900E41AA88F2A00D8F003 /* ViewController3.swift */,
				548900E61AA88F3300D8F003 /* ViewController4.swift */,
				548900E81AA8971D00D8F003 /* ViewController5.swift */,
				548900C51AA88D9B00D8F003 /* ViewController.swift */,
				548900C71AA88D9B00D8F003 /* Images.xcassets */,
				548900C91AA88D9B00D8F003 /* LaunchScreen.xib */,
				548900C11AA88D9B00D8F003 /* Supporting Files */,
			);
			path = TabThat;
			sourceTree = "<group>";
		};
		548900C11AA88D9B00D8F003 /* Supporting Files */ = {
			isa = PBXGroup;
			children = (
				548900C21AA88D9B00D8F003 /* Info.plist */,
			);
			name = "Supporting Files";
			sourceTree = "<group>";
		};
		548900D31AA88D9B00D8F003 /* TabThatTests */ = {
			isa = PBXGroup;
			children = (
				548900D61AA88D9B00D8F003 /* TabThatTests.swift */,
				548900D41AA88D9B00D8F003 /* Supporting Files */,
			);
			path = TabThatTests;
			sourceTree = "<group>";
		};
		548900D41AA88D9B00D8F003 /* Supporting Files */ = {
			isa = PBXGroup;
			children = (
				548900D51AA88D9B00D8F003 /* Info.plist */,
			);
			name = "Supporting Files";
			sourceTree = "<group>";
		};
/* End PBXGroup section */

/* Begin PBXNativeTarget section */
		548900BD1AA88D9B00D8F003 /* TabThat */ = {
			isa = PBXNativeTarget;
			buildConfigurationList = 548900DA1AA88D9B00D8F003 /* Build configuration list for PBXNativeTarget "TabThat" */;
			buildPhases = (
				548900BA1AA88D9B00D8F003 /* Sources */,
				548900BB1AA88D9B00D8F003 /* Frameworks */,
				548900BC1AA88D9B00D8F003 /* Resources */,
			);
			buildRules = (
			);
			dependencies = (
			);
			name = TabThat;
			productName = TabThat;
			productReference = 548900BE1AA88D9B00D8F003 /* TabThat.app */;
			productType = "com.apple.product-type.application";
		};
		548900CF1AA88D9B00D8F003 /* TabThatTests */ = {
			isa = PBXNativeTarget;
			buildConfigurationList = 548900DD1AA88D9B00D8F003 /* Build configuration list for PBXNativeTarget "TabThatTests" */;
			buildPhases = (
				548900CC1AA88D9B00D8F003 /* Sources */,
				548900CD1AA88D9B00D8F003 /* Frameworks */,
				548900CE1AA88D9B00D8F003 /* Resources */,
			);
			buildRules = (
			);
			dependencies = (
				548900D21AA88D9B00D8F003 /* PBXTargetDependency */,
			);
			name = TabThatTests;
			productName = TabThatTests;
			productReference = 548900D01AA88D9B00D8F003 /* TabThatTests.xctest */;
			productType = "com.apple.product-type.bundle.unit-test";
		};
/* End PBXNativeTarget section */

/* Begin PBXProject section */
		548900B61AA88D9B00D8F003 /* Project object */ = {
			isa = PBXProject;
			attributes = {
				LastUpgradeCheck = 0610;
				ORGANIZATIONNAME = "Nico Koelewijn";
				TargetAttributes = {
					548900BD1AA88D9B00D8F003 = {
						CreatedOnToolsVersion = 6.1.1;
					};
					548900CF1AA88D9B00D8F003 = {
						CreatedOnToolsVersion = 6.1.1;
						TestTargetID = 548900BD1AA88D9B00D8F003;
					};
				};
			};
			buildConfigurationList = 548900B91AA88D9B00D8F003 /* Build configuration list for PBXProject "TabThat" */;
			compatibilityVersion = "Xcode 3.2";
			developmentRegion = English;
			hasScannedForEncodings = 0;
			knownRegions = (
				en,
				Base,
			);
			mainGroup = 548900B51AA88D9B00D8F003;
			productRefGroup = 548900BF1AA88D9B00D8F003 /* Products */;
			projectDirPath = "";
			projectRoot = "";
			targets = (
				548900BD1AA88D9B00D8F003 /* TabThat */,
				548900CF1AA88D9B00D8F003 /* TabThatTests */,
			);
		};
/* End PBXProject section */

/* Begin PBXResourcesBuildPhase section */
		548900BC1AA88D9B00D8F003 /* Resources */ = {
			isa = PBXResourcesBuildPhase;
			buildActionMask = 2147483647;
			files = (
				548900CB1AA88D9B00D8F003 /* LaunchScreen.xib in Resources */,
				548900C81AA88D9B00D8F003 /* Images.xcassets in Resources */,
			);
			runOnlyForDeploymentPostprocessing = 0;
		};
		548900CE1AA88D9B00D8F003 /* Resources */ = {
			isa = PBXResourcesBuildPhase;
			buildActionMask = 2147483647;
			files = (
			);
			runOnlyForDeploymentPostprocessing = 0;
		};
/* End PBXResourcesBuildPhase section */

/* Begin PBXSourcesBuildPhase section */
		548900BA1AA88D9B00D8F003 /* Sources */ = {
			isa = PBXSourcesBuildPhase;
			buildActionMask = 2147483647;
			files = (
				548900E51AA88F2A00D8F003 /* ViewController3.swift in Sources */,
				548900E71AA88F3300D8F003 /* ViewController4.swift in Sources */,
				548900E11AA88F1B00D8F003 /* ViewController1.swift in Sources */,
				548900E31AA88F2400D8F003 /* ViewController2.swift in Sources */,
				548900C61AA88D9B00D8F003 /* ViewController.swift in Sources */,
				548900C41AA88D9B00D8F003 /* AppDelegate.swift in Sources */,
				548900E91AA8971D00D8F003 /* ViewController5.swift in Sources */,
			);
			runOnlyForDeploymentPostprocessing = 0;
		};
		548900CC1AA88D9B00D8F003 /* Sources */ = {
			isa = PBXSourcesBuildPhase;
			buildActionMask = 2147483647;
			files = (
				548900D71AA88D9B00D8F003 /* TabThatTests.swift in Sources */,
			);
			runOnlyForDeploymentPostprocessing = 0;
		};
/* End PBXSourcesBuildPhase section */

/* Begin PBXTargetDependency section */
		548900D21AA88D9B00D8F003 /* PBXTargetDependency */ = {
			isa = PBXTargetDependency;
			target = 548900BD1AA88D9B00D8F003 /* TabThat */;
			targetProxy = 548900D11AA88D9B00D8F003 /* PBXContainerItemProxy */;
		};
/* End PBXTargetDependency section */

/* Begin PBXVariantGroup section */
		548900C91AA88D9B00D8F003 /* LaunchScreen.xib */ = {
			isa = PBXVariantGroup;
			children = (
				548900CA1AA88D9B00D8F003 /* Base */,
			);
			name = LaunchScreen.xib;
			sourceTree = "<group>";
		};
/* End PBXVariantGroup section */

/* Begin XCBuildConfiguration section */
		548900D81AA88D9B00D8F003 /* Debug */ = {
			isa = XCBuildConfiguration;
			buildSettings = {
				ALWAYS_SEARCH_USER_PATHS = NO;
				CLANG_CXX_LANGUAGE_STANDARD = "gnu++0x";
				CLANG_CXX_LIBRARY = "libc++";
				CLANG_ENABLE_MODULES = YES;
				CLANG_ENABLE_OBJC_ARC = YES;
				CLANG_WARN_BOOL_CONVERSION = YES;
				CLANG_WARN_CONSTANT_CONVERSION = YES;
				CLANG_WARN_DIRECT_OBJC_ISA_USAGE = YES_ERROR;
				CLANG_WARN_EMPTY_BODY = YES;
				CLANG_WARN_ENUM_CONVERSION = YES;
				CLANG_WARN_INT_CONVERSION = YES;
				CLANG_WARN_OBJC_ROOT_CLASS = YES_ERROR;
				CLANG_WARN_UNREACHABLE_CODE = YES;
				CLANG_WARN__DUPLICATE_METHOD_MATCH = YES;
				"CODE_SIGN_IDENTITY[sdk=iphoneos*]" = "iPhone Developer";
				COPY_PHASE_STRIP = NO;
				ENABLE_STRICT_OBJC_MSGSEND = YES;
				GCC_C_LANGUAGE_STANDARD = gnu99;
				GCC_DYNAMIC_NO_PIC = NO;
				GCC_OPTIMIZATION_LEVEL = 0;
				GCC_PREPROCESSOR_DEFINITIONS = (
					"DEBUG=1",
					"$(inherited)",
				);
				GCC_SYMBOLS_PRIVATE_EXTERN = NO;
				GCC_WARN_64_TO_32_BIT_CONVERSION = YES;
				GCC_WARN_ABOUT_RETURN_TYPE = YES_ERROR;
				GCC_WARN_UNDECLARED_SELECTOR = YES;
				GCC_WARN_UNINITIALIZED_AUTOS = YES_AGGRESSIVE;
				GCC_WARN_UNUSED_FUNCTION = YES;
				GCC_WARN_UNUSED_VARIABLE = YES;
				IPHONEOS_DEPLOYMENT_TARGET = 8.1;
				MTL_ENABLE_DEBUG_INFO = YES;
				ONLY_ACTIVE_ARCH = YES;
				SDKROOT = iphoneos;
				SWIFT_OPTIMIZATION_LEVEL = "-Onone";
			};
			name = Debug;
		};
		548900D91AA88D9B00D8F003 /* Release */ = {
			isa = XCBuildConfiguration;
			buildSettings = {
				ALWAYS_SEARCH_USER_PATHS = NO;
				CLANG_CXX_LANGUAGE_STANDARD = "gnu++0x";
				CLANG_CXX_LIBRARY = "libc++";
				CLANG_ENABLE_MODULES = YES;
				CLANG_ENABLE_OBJC_ARC = YES;
				CLANG_WARN_BOOL_CONVERSION = YES;
				CLANG_WARN_CONSTANT_CONVERSION = YES;
				CLANG_WARN_DIRECT_OBJC_ISA_USAGE = YES_ERROR;
				CLANG_WARN_EMPTY_BODY = YES;
				CLANG_WARN_ENUM_CONVERSION = YES;
				CLANG_WARN_INT_CONVERSION = YES;
				CLANG_WARN_OBJC_ROOT_CLASS = YES_ERROR;
				CLANG_WARN_UNREACHABLE_CODE = YES;
				CLANG_WARN__DUPLICATE_METHOD_MATCH = YES;
				"CODE_SIGN_IDENTITY[sdk=iphoneos*]" = "iPhone Developer";
				COPY_PHASE_STRIP = YES;
				ENABLE_NS_ASSERTIONS = NO;
				ENABLE_STRICT_OBJC_MSGSEND = YES;
				GCC_C_LANGUAGE_STANDARD = gnu99;
				GCC_WARN_64_TO_32_BIT_CONVERSION = YES;
				GCC_WARN_ABOUT_RETURN_TYPE = YES_ERROR;
				GCC_WARN_UNDECLARED_SELECTOR = YES;
				GCC_WARN_UNINITIALIZED_AUTOS = YES_AGGRESSIVE;
				GCC_WARN_UNUSED_FUNCTION = YES;
				GCC_WARN_UNUSED_VARIABLE = YES;
				IPHONEOS_DEPLOYMENT_TARGET = 8.1;
				MTL_ENABLE_DEBUG_INFO = NO;
				SDKROOT = iphoneos;
				VALIDATE_PRODUCT = YES;
			};
			name = Release;
		};
		548900DB1AA88D9B00D8F003 /* Debug */ = {
			isa = XCBuildConfiguration;
			buildSettings = {
				ASSETCATALOG_COMPILER_APPICON_NAME = AppIcon;
				INFOPLIST_FILE = TabThat/Info.plist;
				LD_RUNPATH_SEARCH_PATHS = "$(inherited) @executable_path/Frameworks";
				PRODUCT_NAME = "$(TARGET_NAME)";
			};
			name = Debug;
		};
		548900DC1AA88D9B00D8F003 /* Release */ = {
			isa = XCBuildConfiguration;
			buildSettings = {
				ASSETCATALOG_COMPILER_APPICON_NAME = AppIcon;
				INFOPLIST_FILE = TabThat/Info.plist;
				LD_RUNPATH_SEARCH_PATHS = "$(inherited) @executable_path/Frameworks";
				PRODUCT_NAME = "$(TARGET_NAME)";
			};
			name = Release;
		};
		548900DE1AA88D9B00D8F003 /* Debug */ = {
			isa = XCBuildConfiguration;
			buildSettings = {
				BUNDLE_LOADER = "$(TEST_HOST)";
				FRAMEWORK_SEARCH_PATHS = (
					"$(SDKROOT)/Developer/Library/Frameworks",
					"$(inherited)",
				);
				GCC_PREPROCESSOR_DEFINITIONS = (
					"DEBUG=1",
					"$(inherited)",
				);
				INFOPLIST_FILE = TabThatTests/Info.plist;
				LD_RUNPATH_SEARCH_PATHS = "$(inherited) @executable_path/Frameworks @loader_path/Frameworks";
				PRODUCT_NAME = "$(TARGET_NAME)";
				TEST_HOST = "$(BUILT_PRODUCTS_DIR)/TabThat.app/TabThat";
			};
			name = Debug;
		};
		548900DF1AA88D9B00D8F003 /* Release */ = {
			isa = XCBuildConfiguration;
			buildSettings = {
				BUNDLE_LOADER = "$(TEST_HOST)";
				FRAMEWORK_SEARCH_PATHS = (
					"$(SDKROOT)/Developer/Library/Frameworks",
					"$(inherited)",
				);
				INFOPLIST_FILE = TabThatTests/Info.plist;
				LD_RUNPATH_SEARCH_PATHS = "$(inherited) @executable_path/Frameworks @loader_path/Frameworks";
				PRODUCT_NAME = "$(TARGET_NAME)";
				TEST_HOST = "$(BUILT_PRODUCTS_DIR)/TabThat.app/TabThat";
			};
			name = Release;
		};
/* End XCBuildConfiguration section */

/* Begin XCConfigurationList section */
		548900B91AA88D9B00D8F003 /* Build configuration list for PBXProject "TabThat" */ = {
			isa = XCConfigurationList;
			buildConfigurations = (
				548900D81AA88D9B00D8F003 /* Debug */,
				548900D91AA88D9B00D8F003 /* Release */,
			);
			defaultConfigurationIsVisible = 0;
			defaultConfigurationName = Release;
		};
		548900DA1AA88D9B00D8F003 /* Build configuration list for PBXNativeTarget "TabThat" */ = {
			isa = XCConfigurationList;
			buildConfigurations = (
				548900DB1AA88D9B00D8F003 /* Debug */,
				548900DC1AA88D9B00D8F003 /* Release */,
			);
			defaultConfigurationIsVisible = 0;
		};
		548900DD1AA88D9B00D8F003 /* Build configuration list for PBXNativeTarget "TabThatTests" */ = {
			isa = XCConfigurationList;
			buildConfigurations = (
				548900DE1AA88D9B00D8F003 /* Debug */,
				548900DF1AA88D9B00D8F003 /* Release */,
			);
			defaultConfigurationIsVisible = 0;
		};
/* End XCConfigurationList section */
	};
	rootObject = 548900B61AA88D9B00D8F003 /* Project object */;
}
