// !$*UTF8*$!
{
	archiveVersion = 1;
	classes = {
	};
	objectVersion = 46;
	objects = {

/* Begin PBXBuildFile section */
		54ADA3531AFB9AC600CA6D05 /* AppDelegate.swift in Sources */ = {isa = PBXBuildFile; fileRef = 54ADA3521AFB9AC600CA6D05 /* AppDelegate.swift */; };
		54ADA3551AFB9AC600CA6D05 /* ViewController.swift in Sources */ = {isa = PBXBuildFile; fileRef = 54ADA3541AFB9AC600CA6D05 /* ViewController.swift */; };
		54ADA3571AFB9AC600CA6D05 /* Images.xcassets in Resources */ = {isa = PBXBuildFile; fileRef = 54ADA3561AFB9AC600CA6D05 /* Images.xcassets */; };
		54ADA35A1AFB9AC600CA6D05 /* LaunchScreen.xib in Resources */ = {isa = PBXBuildFile; fileRef = 54ADA3581AFB9AC600CA6D05 /* LaunchScreen.xib */; };
		54ADA3661AFB9AC600CA6D05 /* SharingIsCaringTests.swift in Sources */ = {isa = PBXBuildFile; fileRef = 54ADA3651AFB9AC600CA6D05 /* SharingIsCaringTests.swift */; };
/* End PBXBuildFile section */

/* Begin PBXContainerItemProxy section */
		54ADA3601AFB9AC600CA6D05 /* PBXContainerItemProxy */ = {
			isa = PBXContainerItemProxy;
			containerPortal = 54ADA3451AFB9AC600CA6D05 /* Project object */;
			proxyType = 1;
			remoteGlobalIDString = 54ADA34C1AFB9AC600CA6D05;
			remoteInfo = SharingIsCaring;
		};
/* End PBXContainerItemProxy section */

/* Begin PBXFileReference section */
		54ADA34D1AFB9AC600CA6D05 /* SharingIsCaring.app */ = {isa = PBXFileReference; explicitFileType = wrapper.application; includeInIndex = 0; path = SharingIsCaring.app; sourceTree = BUILT_PRODUCTS_DIR; };
		54ADA3511AFB9AC600CA6D05 /* Info.plist */ = {isa = PBXFileReference; lastKnownFileType = text.plist.xml; path = Info.plist; sourceTree = "<group>"; };
		54ADA3521AFB9AC600CA6D05 /* AppDelegate.swift */ = {isa = PBXFileReference; lastKnownFileType = sourcecode.swift; path = AppDelegate.swift; sourceTree = "<group>"; };
		54ADA3541AFB9AC600CA6D05 /* ViewController.swift */ = {isa = PBXFileReference; lastKnownFileType = sourcecode.swift; path = ViewController.swift; sourceTree = "<group>"; };
		54ADA3561AFB9AC600CA6D05 /* Images.xcassets */ = {isa = PBXFileReference; lastKnownFileType = folder.assetcatalog; path = Images.xcassets; sourceTree = "<group>"; };
		54ADA3591AFB9AC600CA6D05 /* Base */ = {isa = PBXFileReference; lastKnownFileType = file.xib; name = Base; path = Base.lproj/LaunchScreen.xib; sourceTree = "<group>"; };
		54ADA35F1AFB9AC600CA6D05 /* SharingIsCaringTests.xctest */ = {isa = PBXFileReference; explicitFileType = wrapper.cfbundle; includeInIndex = 0; path = SharingIsCaringTests.xctest; sourceTree = BUILT_PRODUCTS_DIR; };
		54ADA3641AFB9AC600CA6D05 /* Info.plist */ = {isa = PBXFileReference; lastKnownFileType = text.plist.xml; path = Info.plist; sourceTree = "<group>"; };
		54ADA3651AFB9AC600CA6D05 /* SharingIsCaringTests.swift */ = {isa = PBXFileReference; lastKnownFileType = sourcecode.swift; path = SharingIsCaringTests.swift; sourceTree = "<group>"; };
/* End PBXFileReference section */

/* Begin PBXFrameworksBuildPhase section */
		54ADA34A1AFB9AC600CA6D05 /* Frameworks */ = {
			isa = PBXFrameworksBuildPhase;
			buildActionMask = 2147483647;
			files = (
			);
			runOnlyForDeploymentPostprocessing = 0;
		};
		54ADA35C1AFB9AC600CA6D05 /* Frameworks */ = {
			isa = PBXFrameworksBuildPhase;
			buildActionMask = 2147483647;
			files = (
			);
			runOnlyForDeploymentPostprocessing = 0;
		};
/* End PBXFrameworksBuildPhase section */

/* Begin PBXGroup section */
		54ADA3441AFB9AC600CA6D05 = {
			isa = PBXGroup;
			children = (
				54ADA34F1AFB9AC600CA6D05 /* SharingIsCaring */,
				54ADA3621AFB9AC600CA6D05 /* SharingIsCaringTests */,
				54ADA34E1AFB9AC600CA6D05 /* Products */,
			);
			sourceTree = "<group>";
		};
		54ADA34E1AFB9AC600CA6D05 /* Products */ = {
			isa = PBXGroup;
			children = (
				54ADA34D1AFB9AC600CA6D05 /* SharingIsCaring.app */,
				54ADA35F1AFB9AC600CA6D05 /* SharingIsCaringTests.xctest */,
			);
			name = Products;
			sourceTree = "<group>";
		};
		54ADA34F1AFB9AC600CA6D05 /* SharingIsCaring */ = {
			isa = PBXGroup;
			children = (
				54ADA3521AFB9AC600CA6D05 /* AppDelegate.swift */,
				54ADA3541AFB9AC600CA6D05 /* ViewController.swift */,
				54ADA3561AFB9AC600CA6D05 /* Images.xcassets */,
				54ADA3581AFB9AC600CA6D05 /* LaunchScreen.xib */,
				54ADA3501AFB9AC600CA6D05 /* Supporting Files */,
			);
			path = SharingIsCaring;
			sourceTree = "<group>";
		};
		54ADA3501AFB9AC600CA6D05 /* Supporting Files */ = {
			isa = PBXGroup;
			children = (
				54ADA3511AFB9AC600CA6D05 /* Info.plist */,
			);
			name = "Supporting Files";
			sourceTree = "<group>";
		};
		54ADA3621AFB9AC600CA6D05 /* SharingIsCaringTests */ = {
			isa = PBXGroup;
			children = (
				54ADA3651AFB9AC600CA6D05 /* SharingIsCaringTests.swift */,
				54ADA3631AFB9AC600CA6D05 /* Supporting Files */,
			);
			path = SharingIsCaringTests;
			sourceTree = "<group>";
		};
		54ADA3631AFB9AC600CA6D05 /* Supporting Files */ = {
			isa = PBXGroup;
			children = (
				54ADA3641AFB9AC600CA6D05 /* Info.plist */,
			);
			name = "Supporting Files";
			sourceTree = "<group>";
		};
/* End PBXGroup section */

/* Begin PBXNativeTarget section */
		54ADA34C1AFB9AC600CA6D05 /* SharingIsCaring */ = {
			isa = PBXNativeTarget;
			buildConfigurationList = 54ADA3691AFB9AC600CA6D05 /* Build configuration list for PBXNativeTarget "SharingIsCaring" */;
			buildPhases = (
				54ADA3491AFB9AC600CA6D05 /* Sources */,
				54ADA34A1AFB9AC600CA6D05 /* Frameworks */,
				54ADA34B1AFB9AC600CA6D05 /* Resources */,
			);
			buildRules = (
			);
			dependencies = (
			);
			name = SharingIsCaring;
			productName = SharingIsCaring;
			productReference = 54ADA34D1AFB9AC600CA6D05 /* SharingIsCaring.app */;
			productType = "com.apple.product-type.application";
		};
		54ADA35E1AFB9AC600CA6D05 /* SharingIsCaringTests */ = {
			isa = PBXNativeTarget;
			buildConfigurationList = 54ADA36C1AFB9AC600CA6D05 /* Build configuration list for PBXNativeTarget "SharingIsCaringTests" */;
			buildPhases = (
				54ADA35B1AFB9AC600CA6D05 /* Sources */,
				54ADA35C1AFB9AC600CA6D05 /* Frameworks */,
				54ADA35D1AFB9AC600CA6D05 /* Resources */,
			);
			buildRules = (
			);
			dependencies = (
				54ADA3611AFB9AC600CA6D05 /* PBXTargetDependency */,
			);
			name = SharingIsCaringTests;
			productName = SharingIsCaringTests;
			productReference = 54ADA35F1AFB9AC600CA6D05 /* SharingIsCaringTests.xctest */;
			productType = "com.apple.product-type.bundle.unit-test";
		};
/* End PBXNativeTarget section */

/* Begin PBXProject section */
		54ADA3451AFB9AC600CA6D05 /* Project object */ = {
			isa = PBXProject;
			attributes = {
				LastUpgradeCheck = 0630;
				ORGANIZATIONNAME = "Nico Koelewijn";
				TargetAttributes = {
					54ADA34C1AFB9AC600CA6D05 = {
						CreatedOnToolsVersion = 6.3.1;
					};
					54ADA35E1AFB9AC600CA6D05 = {
						CreatedOnToolsVersion = 6.3.1;
						TestTargetID = 54ADA34C1AFB9AC600CA6D05;
					};
				};
			};
			buildConfigurationList = 54ADA3481AFB9AC600CA6D05 /* Build configuration list for PBXProject "SharingIsCaring" */;
			compatibilityVersion = "Xcode 3.2";
			developmentRegion = English;
			hasScannedForEncodings = 0;
			knownRegions = (
				en,
				Base,
			);
			mainGroup = 54ADA3441AFB9AC600CA6D05;
			productRefGroup = 54ADA34E1AFB9AC600CA6D05 /* Products */;
			projectDirPath = "";
			projectRoot = "";
			targets = (
				54ADA34C1AFB9AC600CA6D05 /* SharingIsCaring */,
				54ADA35E1AFB9AC600CA6D05 /* SharingIsCaringTests */,
			);
		};
/* End PBXProject section */

/* Begin PBXResourcesBuildPhase section */
		54ADA34B1AFB9AC600CA6D05 /* Resources */ = {
			isa = PBXResourcesBuildPhase;
			buildActionMask = 2147483647;
			files = (
				54ADA35A1AFB9AC600CA6D05 /* LaunchScreen.xib in Resources */,
				54ADA3571AFB9AC600CA6D05 /* Images.xcassets in Resources */,
			);
			runOnlyForDeploymentPostprocessing = 0;
		};
		54ADA35D1AFB9AC600CA6D05 /* Resources */ = {
			isa = PBXResourcesBuildPhase;
			buildActionMask = 2147483647;
			files = (
			);
			runOnlyForDeploymentPostprocessing = 0;
		};
/* End PBXResourcesBuildPhase section */

/* Begin PBXSourcesBuildPhase section */
		54ADA3491AFB9AC600CA6D05 /* Sources */ = {
			isa = PBXSourcesBuildPhase;
			buildActionMask = 2147483647;
			files = (
				54ADA3551AFB9AC600CA6D05 /* ViewController.swift in Sources */,
				54ADA3531AFB9AC600CA6D05 /* AppDelegate.swift in Sources */,
			);
			runOnlyForDeploymentPostprocessing = 0;
		};
		54ADA35B1AFB9AC600CA6D05 /* Sources */ = {
			isa = PBXSourcesBuildPhase;
			buildActionMask = 2147483647;
			files = (
				54ADA3661AFB9AC600CA6D05 /* SharingIsCaringTests.swift in Sources */,
			);
			runOnlyForDeploymentPostprocessing = 0;
		};
/* End PBXSourcesBuildPhase section */

/* Begin PBXTargetDependency section */
		54ADA3611AFB9AC600CA6D05 /* PBXTargetDependency */ = {
			isa = PBXTargetDependency;
			target = 54ADA34C1AFB9AC600CA6D05 /* SharingIsCaring */;
			targetProxy = 54ADA3601AFB9AC600CA6D05 /* PBXContainerItemProxy */;
		};
/* End PBXTargetDependency section */

/* Begin PBXVariantGroup section */
		54ADA3581AFB9AC600CA6D05 /* LaunchScreen.xib */ = {
			isa = PBXVariantGroup;
			children = (
				54ADA3591AFB9AC600CA6D05 /* Base */,
			);
			name = LaunchScreen.xib;
			sourceTree = "<group>";
		};
/* End PBXVariantGroup section */

/* Begin XCBuildConfiguration section */
		54ADA3671AFB9AC600CA6D05 /* Debug */ = {
			isa = XCBuildConfiguration;
			buildSettings = {
				ALWAYS_SEARCH_USER_PATHS = NO;
				CLANG_CXX_LANGUAGE_STANDARD = "gnu++0x";
				CLANG_CXX_LIBRARY = "libc++";
				CLANG_ENABLE_MODULES = YES;
				CLANG_ENABLE_OBJC_ARC = YES;
				CLANG_WARN_BOOL_CONVERSION = YES;
				CLANG_WARN_CONSTANT_CONVERSION = YES;
				CLANG_WARN_DIRECT_OBJC_ISA_USAGE = YES_ERROR;
				CLANG_WARN_EMPTY_BODY = YES;
				CLANG_WARN_ENUM_CONVERSION = YES;
				CLANG_WARN_INT_CONVERSION = YES;
				CLANG_WARN_OBJC_ROOT_CLASS = YES_ERROR;
				CLANG_WARN_UNREACHABLE_CODE = YES;
				CLANG_WARN__DUPLICATE_METHOD_MATCH = YES;
				"CODE_SIGN_IDENTITY[sdk=iphoneos*]" = "iPhone Developer";
				COPY_PHASE_STRIP = NO;
				DEBUG_INFORMATION_FORMAT = "dwarf-with-dsym";
				ENABLE_STRICT_OBJC_MSGSEND = YES;
				GCC_C_LANGUAGE_STANDARD = gnu99;
				GCC_DYNAMIC_NO_PIC = NO;
				GCC_NO_COMMON_BLOCKS = YES;
				GCC_OPTIMIZATION_LEVEL = 0;
				GCC_PREPROCESSOR_DEFINITIONS = (
					"DEBUG=1",
					"$(inherited)",
				);
				GCC_SYMBOLS_PRIVATE_EXTERN = NO;
				GCC_WARN_64_TO_32_BIT_CONVERSION = YES;
				GCC_WARN_ABOUT_RETURN_TYPE = YES_ERROR;
				GCC_WARN_UNDECLARED_SELECTOR = YES;
				GCC_WARN_UNINITIALIZED_AUTOS = YES_AGGRESSIVE;
				GCC_WARN_UNUSED_FUNCTION = YES;
				GCC_WARN_UNUSED_VARIABLE = YES;
				IPHONEOS_DEPLOYMENT_TARGET = 8.3;
				MTL_ENABLE_DEBUG_INFO = YES;
				ONLY_ACTIVE_ARCH = YES;
				SDKROOT = iphoneos;
				SWIFT_OPTIMIZATION_LEVEL = "-Onone";
			};
			name = Debug;
		};
		54ADA3681AFB9AC600CA6D05 /* Release */ = {
			isa = XCBuildConfiguration;
			buildSettings = {
				ALWAYS_SEARCH_USER_PATHS = NO;
				CLANG_CXX_LANGUAGE_STANDARD = "gnu++0x";
				CLANG_CXX_LIBRARY = "libc++";
				CLANG_ENABLE_MODULES = YES;
				CLANG_ENABLE_OBJC_ARC = YES;
				CLANG_WARN_BOOL_CONVERSION = YES;
				CLANG_WARN_CONSTANT_CONVERSION = YES;
				CLANG_WARN_DIRECT_OBJC_ISA_USAGE = YES_ERROR;
				CLANG_WARN_EMPTY_BODY = YES;
				CLANG_WARN_ENUM_CONVERSION = YES;
				CLANG_WARN_INT_CONVERSION = YES;
				CLANG_WARN_OBJC_ROOT_CLASS = YES_ERROR;
				CLANG_WARN_UNREACHABLE_CODE = YES;
				CLANG_WARN__DUPLICATE_METHOD_MATCH = YES;
				"CODE_SIGN_IDENTITY[sdk=iphoneos*]" = "iPhone Developer";
				COPY_PHASE_STRIP = NO;
				DEBUG_INFORMATION_FORMAT = "dwarf-with-dsym";
				ENABLE_NS_ASSERTIONS = NO;
				ENABLE_STRICT_OBJC_MSGSEND = YES;
				GCC_C_LANGUAGE_STANDARD = gnu99;
				GCC_NO_COMMON_BLOCKS = YES;
				GCC_WARN_64_TO_32_BIT_CONVERSION = YES;
				GCC_WARN_ABOUT_RETURN_TYPE = YES_ERROR;
				GCC_WARN_UNDECLARED_SELECTOR = YES;
				GCC_WARN_UNINITIALIZED_AUTOS = YES_AGGRESSIVE;
				GCC_WARN_UNUSED_FUNCTION = YES;
				GCC_WARN_UNUSED_VARIABLE = YES;
				IPHONEOS_DEPLOYMENT_TARGET = 8.3;
				MTL_ENABLE_DEBUG_INFO = NO;
				SDKROOT = iphoneos;
				VALIDATE_PRODUCT = YES;
			};
			name = Release;
		};
		54ADA36A1AFB9AC600CA6D05 /* Debug */ = {
			isa = XCBuildConfiguration;
			buildSettings = {
				ASSETCATALOG_COMPILER_APPICON_NAME = AppIcon;
				INFOPLIST_FILE = SharingIsCaring/Info.plist;
				LD_RUNPATH_SEARCH_PATHS = "$(inherited) @executable_path/Frameworks";
				PRODUCT_NAME = "$(TARGET_NAME)";
			};
			name = Debug;
		};
		54ADA36B1AFB9AC600CA6D05 /* Release */ = {
			isa = XCBuildConfiguration;
			buildSettings = {
				ASSETCATALOG_COMPILER_APPICON_NAME = AppIcon;
				INFOPLIST_FILE = SharingIsCaring/Info.plist;
				LD_RUNPATH_SEARCH_PATHS = "$(inherited) @executable_path/Frameworks";
				PRODUCT_NAME = "$(TARGET_NAME)";
			};
			name = Release;
		};
		54ADA36D1AFB9AC600CA6D05 /* Debug */ = {
			isa = XCBuildConfiguration;
			buildSettings = {
				BUNDLE_LOADER = "$(TEST_HOST)";
				FRAMEWORK_SEARCH_PATHS = (
					"$(SDKROOT)/Developer/Library/Frameworks",
					"$(inherited)",
				);
				GCC_PREPROCESSOR_DEFINITIONS = (
					"DEBUG=1",
					"$(inherited)",
				);
				INFOPLIST_FILE = SharingIsCaringTests/Info.plist;
				LD_RUNPATH_SEARCH_PATHS = "$(inherited) @executable_path/Frameworks @loader_path/Frameworks";
				PRODUCT_NAME = "$(TARGET_NAME)";
				TEST_HOST = "$(BUILT_PRODUCTS_DIR)/SharingIsCaring.app/SharingIsCaring";
			};
			name = Debug;
		};
		54ADA36E1AFB9AC600CA6D05 /* Release */ = {
			isa = XCBuildConfiguration;
			buildSettings = {
				BUNDLE_LOADER = "$(TEST_HOST)";
				FRAMEWORK_SEARCH_PATHS = (
					"$(SDKROOT)/Developer/Library/Frameworks",
					"$(inherited)",
				);
				INFOPLIST_FILE = SharingIsCaringTests/Info.plist;
				LD_RUNPATH_SEARCH_PATHS = "$(inherited) @executable_path/Frameworks @loader_path/Frameworks";
				PRODUCT_NAME = "$(TARGET_NAME)";
				TEST_HOST = "$(BUILT_PRODUCTS_DIR)/SharingIsCaring.app/SharingIsCaring";
			};
			name = Release;
		};
/* End XCBuildConfiguration section */

/* Begin XCConfigurationList section */
		54ADA3481AFB9AC600CA6D05 /* Build configuration list for PBXProject "SharingIsCaring" */ = {
			isa = XCConfigurationList;
			buildConfigurations = (
				54ADA3671AFB9AC600CA6D05 /* Debug */,
				54ADA3681AFB9AC600CA6D05 /* Release */,
			);
			defaultConfigurationIsVisible = 0;
			defaultConfigurationName = Release;
		};
		54ADA3691AFB9AC600CA6D05 /* Build configuration list for PBXNativeTarget "SharingIsCaring" */ = {
			isa = XCConfigurationList;
			buildConfigurations = (
				54ADA36A1AFB9AC600CA6D05 /* Debug */,
				54ADA36B1AFB9AC600CA6D05 /* Release */,
			);
			defaultConfigurationIsVisible = 0;
		};
		54ADA36C1AFB9AC600CA6D05 /* Build configuration list for PBXNativeTarget "SharingIsCaringTests" */ = {
			isa = XCConfigurationList;
			buildConfigurations = (
				54ADA36D1AFB9AC600CA6D05 /* Debug */,
				54ADA36E1AFB9AC600CA6D05 /* Release */,
			);
			defaultConfigurationIsVisible = 0;
		};
/* End XCConfigurationList section */
	};
	rootObject = 54ADA3451AFB9AC600CA6D05 /* Project object */;
}
